// !$*UTF8*$!
{
	archiveVersion = 1;
	classes = {
	};
	objectVersion = 51;
	objects = {

/* Begin PBXBuildFile section */
		021EE452CF6F8C2D5E8F5A65 /* libPods-ChatApp.a in Frameworks */ = {isa = PBXBuildFile; fileRef = 5D49A06E01288487BE1E20B6 /* libPods-ChatApp.a */; };
		E80BFB3925F7D83D0070B8EF /* ThemesViewController.swift in Sources */ = {isa = PBXBuildFile; fileRef = E80BFB3825F7D83D0070B8EF /* ThemesViewController.swift */; };
		E80BFB3E25F7D9450070B8EF /* ThemeView.swift in Sources */ = {isa = PBXBuildFile; fileRef = E80BFB3D25F7D9450070B8EF /* ThemeView.swift */; };
		E818D5DD2600BC7E001AB36E /* FileManagement.swift in Sources */ = {isa = PBXBuildFile; fileRef = E818D5DC2600BC7E001AB36E /* FileManagement.swift */; };
		E830324625E1D7D800D772B9 /* ProfileViewController.swift in Sources */ = {isa = PBXBuildFile; fileRef = E830324525E1D7D800D772B9 /* ProfileViewController.swift */; };
		E830324D25E1D9C500D772B9 /* ActionButton.swift in Sources */ = {isa = PBXBuildFile; fileRef = E830324C25E1D9C500D772B9 /* ActionButton.swift */; };
		E830325525E1E82600D772B9 /* UIColor+Ext.swift in Sources */ = {isa = PBXBuildFile; fileRef = E830325425E1E82600D772B9 /* UIColor+Ext.swift */; };
		E830325A25E28BD100D772B9 /* ProfileLogoImageView.swift in Sources */ = {isa = PBXBuildFile; fileRef = E830325925E28BD100D772B9 /* ProfileLogoImageView.swift */; };
		E830326225E2939300D772B9 /* HapticFeedback.swift in Sources */ = {isa = PBXBuildFile; fileRef = E830326125E2939300D772B9 /* HapticFeedback.swift */; };
		E830326C25E2961900D772B9 /* UIAlertViewController+Ext.swift in Sources */ = {isa = PBXBuildFile; fileRef = E830326B25E2961900D772B9 /* UIAlertViewController+Ext.swift */; };
		E830329C25E50A5D00D772B9 /* ImagePickerManager.swift in Sources */ = {isa = PBXBuildFile; fileRef = E830329B25E50A5D00D772B9 /* ImagePickerManager.swift */; };
		E83032A125E5131D00D772B9 /* CameraAlertController.swift in Sources */ = {isa = PBXBuildFile; fileRef = E83032A025E5131D00D772B9 /* CameraAlertController.swift */; };
		E83032A625E514EE00D772B9 /* Colors.swift in Sources */ = {isa = PBXBuildFile; fileRef = E83032A525E514EE00D772B9 /* Colors.swift */; };
		E83032AC25E539FB00D772B9 /* LocalizationKey.swift in Sources */ = {isa = PBXBuildFile; fileRef = E83032AB25E539FB00D772B9 /* LocalizationKey.swift */; };
		E84D8D6125EA422500345A2C /* ConversationListViewController.swift in Sources */ = {isa = PBXBuildFile; fileRef = E84D8D6025EA422500345A2C /* ConversationListViewController.swift */; };
		E84D8D6B25EA4D0C00345A2C /* ConversationCellModel.swift in Sources */ = {isa = PBXBuildFile; fileRef = E84D8D6A25EA4D0C00345A2C /* ConversationCellModel.swift */; };
		E84D8D7125EA4FB900345A2C /* DataProvider.swift in Sources */ = {isa = PBXBuildFile; fileRef = E84D8D7025EA4FB900345A2C /* DataProvider.swift */; };
		E84D8D8325EC51AF00345A2C /* ConversationTableViewCell.swift in Sources */ = {isa = PBXBuildFile; fileRef = E84D8D8225EC51AF00345A2C /* ConversationTableViewCell.swift */; };
		E84D8D9125ED916A00345A2C /* ConversationViewController.swift in Sources */ = {isa = PBXBuildFile; fileRef = E84D8D9025ED916A00345A2C /* ConversationViewController.swift */; };
		E84D8D9E25EDA14600345A2C /* MessageBubbleView.swift in Sources */ = {isa = PBXBuildFile; fileRef = E84D8D9D25EDA14600345A2C /* MessageBubbleView.swift */; };
		E84D8DAE25EEDB7A00345A2C /* MessageTableViewCell.swift in Sources */ = {isa = PBXBuildFile; fileRef = E84D8DAD25EEDB7A00345A2C /* MessageTableViewCell.swift */; };
		E84D8DB325EEE5A700345A2C /* MessageCellModel.swift in Sources */ = {isa = PBXBuildFile; fileRef = E84D8DB225EEE5A700345A2C /* MessageCellModel.swift */; };
		E84D8DC125F134D500345A2C /* String+Ext.swift in Sources */ = {isa = PBXBuildFile; fileRef = E84D8DC025F134D500345A2C /* String+Ext.swift */; };
		E84D8DDE25F1358900345A2C /* Localizable.strings in Resources */ = {isa = PBXBuildFile; fileRef = E84D8DE025F1358900345A2C /* Localizable.strings */; };
		E84D8DEB25F1422600345A2C /* Images.swift in Sources */ = {isa = PBXBuildFile; fileRef = E84D8DEA25F1422600345A2C /* Images.swift */; };
		E84D8DF325F145DC00345A2C /* ConversationListSectionModel.swift in Sources */ = {isa = PBXBuildFile; fileRef = E84D8DF225F145DC00345A2C /* ConversationListSectionModel.swift */; };
		E84D8DF825F1501900345A2C /* Date+Ext.swift in Sources */ = {isa = PBXBuildFile; fileRef = E84D8DF725F1501900345A2C /* Date+Ext.swift */; };
		E84D8DFD25F1890600345A2C /* User.swift in Sources */ = {isa = PBXBuildFile; fileRef = E84D8DFC25F1890600345A2C /* User.swift */; };
		E8769086260D3D7E006B13C0 /* UIImage+Ext.swift in Sources */ = {isa = PBXBuildFile; fileRef = E8769085260D3D7E006B13C0 /* UIImage+Ext.swift */; };
		E8769096260D3F6C006B13C0 /* GoogleService-Info.plist in Resources */ = {isa = PBXBuildFile; fileRef = E8769095260D3F6C006B13C0 /* GoogleService-Info.plist */; };
		E876909B260D400E006B13C0 /* Channel.swift in Sources */ = {isa = PBXBuildFile; fileRef = E876909A260D400E006B13C0 /* Channel.swift */; };
		E87690A0260D404D006B13C0 /* FirestoreService.swift in Sources */ = {isa = PBXBuildFile; fileRef = E876909F260D404D006B13C0 /* FirestoreService.swift */; };
		E87690A5260D43E9006B13C0 /* Message.swift in Sources */ = {isa = PBXBuildFile; fileRef = E87690A4260D43E9006B13C0 /* Message.swift */; };
		E87690AD260D542E006B13C0 /* SendMessageView.swift in Sources */ = {isa = PBXBuildFile; fileRef = E87690AC260D542E006B13C0 /* SendMessageView.swift */; };
		E87690BE260D5E9E006B13C0 /* UserData.swift in Sources */ = {isa = PBXBuildFile; fileRef = E87690BD260D5E9E006B13C0 /* UserData.swift */; };
		E89A64AE2603F1D500A5734B /* UserViewModel.swift in Sources */ = {isa = PBXBuildFile; fileRef = E89A64AD2603F1D500A5734B /* UserViewModel.swift */; };
		E89A64B32603F27E00A5734B /* GCDAsyncManager.swift in Sources */ = {isa = PBXBuildFile; fileRef = E89A64B22603F27E00A5734B /* GCDAsyncManager.swift */; };
		E89A64B82603F38D00A5734B /* OperationAsyncManager.swift in Sources */ = {isa = PBXBuildFile; fileRef = E89A64B72603F38D00A5734B /* OperationAsyncManager.swift */; };
		E89A64BD260404A100A5734B /* AsyncManager.swift in Sources */ = {isa = PBXBuildFile; fileRef = E89A64BC260404A100A5734B /* AsyncManager.swift */; };
		E89A64C2260406C500A5734B /* TextViewDelegate.swift in Sources */ = {isa = PBXBuildFile; fileRef = E89A64C1260406C500A5734B /* TextViewDelegate.swift */; };
		E8AFB9E826178924007AB74D /* CoreDataService.swift in Sources */ = {isa = PBXBuildFile; fileRef = E8AFB9E726178923007AB74D /* CoreDataService.swift */; };
		E8AFBA812617A431007AB74D /* DBMessage+Init.swift in Sources */ = {isa = PBXBuildFile; fileRef = E8AFBA3026179D95007AB74D /* DBMessage+Init.swift */; };
		E8AFBA822617A431007AB74D /* DBChannel+Init.swift in Sources */ = {isa = PBXBuildFile; fileRef = E8AFBA3826179E1A007AB74D /* DBChannel+Init.swift */; };
		E8AFBA8D2617A92C007AB74D /* DBChannel+CoreDataClass.swift in Sources */ = {isa = PBXBuildFile; fileRef = E8AFBA892617A92B007AB74D /* DBChannel+CoreDataClass.swift */; };
		E8AFBA8E2617A92C007AB74D /* DBMessage+CoreDataClass.swift in Sources */ = {isa = PBXBuildFile; fileRef = E8AFBA8A2617A92C007AB74D /* DBMessage+CoreDataClass.swift */; };
		E8AFBA8F2617A92C007AB74D /* DBMessage+CoreDataProperties.swift in Sources */ = {isa = PBXBuildFile; fileRef = E8AFBA8B2617A92C007AB74D /* DBMessage+CoreDataProperties.swift */; };
		E8AFBA902617A92C007AB74D /* DBChannel+CoreDataProperties.swift in Sources */ = {isa = PBXBuildFile; fileRef = E8AFBA8C2617A92C007AB74D /* DBChannel+CoreDataProperties.swift */; };
		E8CB228625F925730085AABB /* UIWindow+Ext.swift in Sources */ = {isa = PBXBuildFile; fileRef = E8CB228525F925730085AABB /* UIWindow+Ext.swift */; };
		E8CB22A825FAC44F0085AABB /* Themes.swift in Sources */ = {isa = PBXBuildFile; fileRef = E8CB22A725FAC44F0085AABB /* Themes.swift */; };
		E8CB22B025FAC4CC0085AABB /* AppTheme.swift in Sources */ = {isa = PBXBuildFile; fileRef = E8CB22AF25FAC4CC0085AABB /* AppTheme.swift */; };
		E8CB22B925FAC8040085AABB /* ClassicTheme.swift in Sources */ = {isa = PBXBuildFile; fileRef = E8CB22B825FAC8040085AABB /* ClassicTheme.swift */; };
		E8CB22C125FACD770085AABB /* DayTheme.swift in Sources */ = {isa = PBXBuildFile; fileRef = E8CB22C025FACD770085AABB /* DayTheme.swift */; };
		E8CB22C625FACDED0085AABB /* NightTheme.swift in Sources */ = {isa = PBXBuildFile; fileRef = E8CB22C525FACDED0085AABB /* NightTheme.swift */; };
		E8CB22CB25FAE1A50085AABB /* RootNavigationViewController.swift in Sources */ = {isa = PBXBuildFile; fileRef = E8CB22CA25FAE1A50085AABB /* RootNavigationViewController.swift */; };
		E8E030DA25DECC5B0028B4DD /* AppDelegate.swift in Sources */ = {isa = PBXBuildFile; fileRef = E8E030D925DECC5B0028B4DD /* AppDelegate.swift */; };
		E8E030E425DECC5B0028B4DD /* ChatApp.xcdatamodeld in Sources */ = {isa = PBXBuildFile; fileRef = E8E030E225DECC5B0028B4DD /* ChatApp.xcdatamodeld */; };
		E8E030E625DECC5D0028B4DD /* Assets.xcassets in Resources */ = {isa = PBXBuildFile; fileRef = E8E030E525DECC5D0028B4DD /* Assets.xcassets */; };
		E8E030E925DECC5D0028B4DD /* LaunchScreen.storyboard in Resources */ = {isa = PBXBuildFile; fileRef = E8E030E725DECC5D0028B4DD /* LaunchScreen.storyboard */; };
		E8E0311A25DECF950028B4DD /* Logger.swift in Sources */ = {isa = PBXBuildFile; fileRef = E8E0311925DECF950028B4DD /* Logger.swift */; };
		E8E0312625DEDD4A0028B4DD /* UIApplicationState+Ext.swift in Sources */ = {isa = PBXBuildFile; fileRef = E8E0312525DEDD4A0028B4DD /* UIApplicationState+Ext.swift */; };
		E8E0312F25DF09940028B4DD /* Constants.swift in Sources */ = {isa = PBXBuildFile; fileRef = E8E0312E25DF09940028B4DD /* Constants.swift */; };
/* End PBXBuildFile section */

/* Begin PBXContainerItemProxy section */
		E8E030F025DECC5E0028B4DD /* PBXContainerItemProxy */ = {
			isa = PBXContainerItemProxy;
			containerPortal = E8E030CE25DECC5B0028B4DD /* Project object */;
			proxyType = 1;
			remoteGlobalIDString = E8E030D525DECC5B0028B4DD;
			remoteInfo = ChatApp;
		};
		E8E030FB25DECC5E0028B4DD /* PBXContainerItemProxy */ = {
			isa = PBXContainerItemProxy;
			containerPortal = E8E030CE25DECC5B0028B4DD /* Project object */;
			proxyType = 1;
			remoteGlobalIDString = E8E030D525DECC5B0028B4DD;
			remoteInfo = ChatApp;
		};
/* End PBXContainerItemProxy section */

/* Begin PBXFileReference section */
		41C6FCB432CDA20DB9DF2265 /* Pods-ChatApp.debug.xcconfig */ = {isa = PBXFileReference; includeInIndex = 1; lastKnownFileType = text.xcconfig; name = "Pods-ChatApp.debug.xcconfig"; path = "Target Support Files/Pods-ChatApp/Pods-ChatApp.debug.xcconfig"; sourceTree = "<group>"; };
		5D49A06E01288487BE1E20B6 /* libPods-ChatApp.a */ = {isa = PBXFileReference; explicitFileType = archive.ar; includeInIndex = 0; path = "libPods-ChatApp.a"; sourceTree = BUILT_PRODUCTS_DIR; };
		AC2D960DBED5F4BF3A5DB96B /* Pods-ChatApp.release.xcconfig */ = {isa = PBXFileReference; includeInIndex = 1; lastKnownFileType = text.xcconfig; name = "Pods-ChatApp.release.xcconfig"; path = "Target Support Files/Pods-ChatApp/Pods-ChatApp.release.xcconfig"; sourceTree = "<group>"; };
		E80BFB3825F7D83D0070B8EF /* ThemesViewController.swift */ = {isa = PBXFileReference; lastKnownFileType = sourcecode.swift; path = ThemesViewController.swift; sourceTree = "<group>"; };
		E80BFB3D25F7D9450070B8EF /* ThemeView.swift */ = {isa = PBXFileReference; lastKnownFileType = sourcecode.swift; path = ThemeView.swift; sourceTree = "<group>"; };
		E818D5DC2600BC7E001AB36E /* FileManagement.swift */ = {isa = PBXFileReference; lastKnownFileType = sourcecode.swift; path = FileManagement.swift; sourceTree = "<group>"; };
		E830324525E1D7D800D772B9 /* ProfileViewController.swift */ = {isa = PBXFileReference; lastKnownFileType = sourcecode.swift; path = ProfileViewController.swift; sourceTree = "<group>"; };
		E830324C25E1D9C500D772B9 /* ActionButton.swift */ = {isa = PBXFileReference; lastKnownFileType = sourcecode.swift; path = ActionButton.swift; sourceTree = "<group>"; };
		E830325425E1E82600D772B9 /* UIColor+Ext.swift */ = {isa = PBXFileReference; lastKnownFileType = sourcecode.swift; path = "UIColor+Ext.swift"; sourceTree = "<group>"; };
		E830325925E28BD100D772B9 /* ProfileLogoImageView.swift */ = {isa = PBXFileReference; lastKnownFileType = sourcecode.swift; path = ProfileLogoImageView.swift; sourceTree = "<group>"; };
		E830326125E2939300D772B9 /* HapticFeedback.swift */ = {isa = PBXFileReference; lastKnownFileType = sourcecode.swift; path = HapticFeedback.swift; sourceTree = "<group>"; };
		E830326B25E2961900D772B9 /* UIAlertViewController+Ext.swift */ = {isa = PBXFileReference; lastKnownFileType = sourcecode.swift; path = "UIAlertViewController+Ext.swift"; sourceTree = "<group>"; };
		E830329B25E50A5D00D772B9 /* ImagePickerManager.swift */ = {isa = PBXFileReference; lastKnownFileType = sourcecode.swift; path = ImagePickerManager.swift; sourceTree = "<group>"; };
		E83032A025E5131D00D772B9 /* CameraAlertController.swift */ = {isa = PBXFileReference; lastKnownFileType = sourcecode.swift; path = CameraAlertController.swift; sourceTree = "<group>"; };
		E83032A525E514EE00D772B9 /* Colors.swift */ = {isa = PBXFileReference; lastKnownFileType = sourcecode.swift; path = Colors.swift; sourceTree = "<group>"; };
		E83032AB25E539FB00D772B9 /* LocalizationKey.swift */ = {isa = PBXFileReference; lastKnownFileType = sourcecode.swift; path = LocalizationKey.swift; sourceTree = "<group>"; };
		E84D8D6025EA422500345A2C /* ConversationListViewController.swift */ = {isa = PBXFileReference; lastKnownFileType = sourcecode.swift; path = ConversationListViewController.swift; sourceTree = "<group>"; };
		E84D8D6A25EA4D0C00345A2C /* ConversationCellModel.swift */ = {isa = PBXFileReference; lastKnownFileType = sourcecode.swift; path = ConversationCellModel.swift; sourceTree = "<group>"; };
		E84D8D7025EA4FB900345A2C /* DataProvider.swift */ = {isa = PBXFileReference; lastKnownFileType = sourcecode.swift; path = DataProvider.swift; sourceTree = "<group>"; };
		E84D8D8225EC51AF00345A2C /* ConversationTableViewCell.swift */ = {isa = PBXFileReference; lastKnownFileType = sourcecode.swift; path = ConversationTableViewCell.swift; sourceTree = "<group>"; };
		E84D8D9025ED916A00345A2C /* ConversationViewController.swift */ = {isa = PBXFileReference; lastKnownFileType = sourcecode.swift; path = ConversationViewController.swift; sourceTree = "<group>"; };
		E84D8D9D25EDA14600345A2C /* MessageBubbleView.swift */ = {isa = PBXFileReference; lastKnownFileType = sourcecode.swift; path = MessageBubbleView.swift; sourceTree = "<group>"; };
		E84D8DAD25EEDB7A00345A2C /* MessageTableViewCell.swift */ = {isa = PBXFileReference; lastKnownFileType = sourcecode.swift; path = MessageTableViewCell.swift; sourceTree = "<group>"; };
		E84D8DB225EEE5A700345A2C /* MessageCellModel.swift */ = {isa = PBXFileReference; lastKnownFileType = sourcecode.swift; path = MessageCellModel.swift; sourceTree = "<group>"; };
		E84D8DC025F134D500345A2C /* String+Ext.swift */ = {isa = PBXFileReference; lastKnownFileType = sourcecode.swift; path = "String+Ext.swift"; sourceTree = "<group>"; };
		E84D8DDA25F1356500345A2C /* ru */ = {isa = PBXFileReference; lastKnownFileType = text.plist.strings; name = ru; path = ru.lproj/LaunchScreen.strings; sourceTree = "<group>"; };
		E84D8DDF25F1358900345A2C /* en */ = {isa = PBXFileReference; lastKnownFileType = text.plist.strings; name = en; path = en.lproj/Localizable.strings; sourceTree = "<group>"; };
		E84D8DE425F1358D00345A2C /* ru */ = {isa = PBXFileReference; lastKnownFileType = text.plist.strings; name = ru; path = ru.lproj/Localizable.strings; sourceTree = "<group>"; };
		E84D8DEA25F1422600345A2C /* Images.swift */ = {isa = PBXFileReference; lastKnownFileType = sourcecode.swift; path = Images.swift; sourceTree = "<group>"; };
		E84D8DF225F145DC00345A2C /* ConversationListSectionModel.swift */ = {isa = PBXFileReference; lastKnownFileType = sourcecode.swift; path = ConversationListSectionModel.swift; sourceTree = "<group>"; };
		E84D8DF725F1501900345A2C /* Date+Ext.swift */ = {isa = PBXFileReference; lastKnownFileType = sourcecode.swift; path = "Date+Ext.swift"; sourceTree = "<group>"; };
		E84D8DFC25F1890600345A2C /* User.swift */ = {isa = PBXFileReference; lastKnownFileType = sourcecode.swift; path = User.swift; sourceTree = "<group>"; };
		E8769085260D3D7E006B13C0 /* UIImage+Ext.swift */ = {isa = PBXFileReference; lastKnownFileType = sourcecode.swift; path = "UIImage+Ext.swift"; sourceTree = "<group>"; };
		E8769095260D3F6C006B13C0 /* GoogleService-Info.plist */ = {isa = PBXFileReference; fileEncoding = 4; lastKnownFileType = text.plist.xml; path = "GoogleService-Info.plist"; sourceTree = "<group>"; };
		E876909A260D400E006B13C0 /* Channel.swift */ = {isa = PBXFileReference; lastKnownFileType = sourcecode.swift; path = Channel.swift; sourceTree = "<group>"; };
		E876909F260D404D006B13C0 /* FirestoreService.swift */ = {isa = PBXFileReference; lastKnownFileType = sourcecode.swift; path = FirestoreService.swift; sourceTree = "<group>"; };
		E87690A4260D43E9006B13C0 /* Message.swift */ = {isa = PBXFileReference; lastKnownFileType = sourcecode.swift; path = Message.swift; sourceTree = "<group>"; };
		E87690AC260D542E006B13C0 /* SendMessageView.swift */ = {isa = PBXFileReference; lastKnownFileType = sourcecode.swift; path = SendMessageView.swift; sourceTree = "<group>"; };
		E87690BD260D5E9E006B13C0 /* UserData.swift */ = {isa = PBXFileReference; lastKnownFileType = sourcecode.swift; path = UserData.swift; sourceTree = "<group>"; };
		E89A64AD2603F1D500A5734B /* UserViewModel.swift */ = {isa = PBXFileReference; lastKnownFileType = sourcecode.swift; path = UserViewModel.swift; sourceTree = "<group>"; };
		E89A64B22603F27E00A5734B /* GCDAsyncManager.swift */ = {isa = PBXFileReference; lastKnownFileType = sourcecode.swift; path = GCDAsyncManager.swift; sourceTree = "<group>"; };
		E89A64B72603F38D00A5734B /* OperationAsyncManager.swift */ = {isa = PBXFileReference; lastKnownFileType = sourcecode.swift; path = OperationAsyncManager.swift; sourceTree = "<group>"; };
		E89A64BC260404A100A5734B /* AsyncManager.swift */ = {isa = PBXFileReference; lastKnownFileType = sourcecode.swift; path = AsyncManager.swift; sourceTree = "<group>"; };
		E89A64C1260406C500A5734B /* TextViewDelegate.swift */ = {isa = PBXFileReference; lastKnownFileType = sourcecode.swift; path = TextViewDelegate.swift; sourceTree = "<group>"; };
		E8AFB9E726178923007AB74D /* CoreDataService.swift */ = {isa = PBXFileReference; lastKnownFileType = sourcecode.swift; path = CoreDataService.swift; sourceTree = "<group>"; };
		E8AFBA3026179D95007AB74D /* DBMessage+Init.swift */ = {isa = PBXFileReference; lastKnownFileType = sourcecode.swift; path = "DBMessage+Init.swift"; sourceTree = "<group>"; };
		E8AFBA3826179E1A007AB74D /* DBChannel+Init.swift */ = {isa = PBXFileReference; lastKnownFileType = sourcecode.swift; path = "DBChannel+Init.swift"; sourceTree = "<group>"; };
		E8AFBA892617A92B007AB74D /* DBChannel+CoreDataClass.swift */ = {isa = PBXFileReference; fileEncoding = 4; lastKnownFileType = sourcecode.swift; path = "DBChannel+CoreDataClass.swift"; sourceTree = "<group>"; };
		E8AFBA8A2617A92C007AB74D /* DBMessage+CoreDataClass.swift */ = {isa = PBXFileReference; fileEncoding = 4; lastKnownFileType = sourcecode.swift; path = "DBMessage+CoreDataClass.swift"; sourceTree = "<group>"; };
		E8AFBA8B2617A92C007AB74D /* DBMessage+CoreDataProperties.swift */ = {isa = PBXFileReference; fileEncoding = 4; lastKnownFileType = sourcecode.swift; path = "DBMessage+CoreDataProperties.swift"; sourceTree = "<group>"; };
		E8AFBA8C2617A92C007AB74D /* DBChannel+CoreDataProperties.swift */ = {isa = PBXFileReference; fileEncoding = 4; lastKnownFileType = sourcecode.swift; path = "DBChannel+CoreDataProperties.swift"; sourceTree = "<group>"; };
		E8CB228525F925730085AABB /* UIWindow+Ext.swift */ = {isa = PBXFileReference; lastKnownFileType = sourcecode.swift; path = "UIWindow+Ext.swift"; sourceTree = "<group>"; };
		E8CB22A725FAC44F0085AABB /* Themes.swift */ = {isa = PBXFileReference; lastKnownFileType = sourcecode.swift; path = Themes.swift; sourceTree = "<group>"; };
		E8CB22AF25FAC4CC0085AABB /* AppTheme.swift */ = {isa = PBXFileReference; lastKnownFileType = sourcecode.swift; path = AppTheme.swift; sourceTree = "<group>"; };
		E8CB22B825FAC8040085AABB /* ClassicTheme.swift */ = {isa = PBXFileReference; lastKnownFileType = sourcecode.swift; path = ClassicTheme.swift; sourceTree = "<group>"; };
		E8CB22C025FACD770085AABB /* DayTheme.swift */ = {isa = PBXFileReference; lastKnownFileType = sourcecode.swift; path = DayTheme.swift; sourceTree = "<group>"; };
		E8CB22C525FACDED0085AABB /* NightTheme.swift */ = {isa = PBXFileReference; lastKnownFileType = sourcecode.swift; path = NightTheme.swift; sourceTree = "<group>"; };
		E8CB22CA25FAE1A50085AABB /* RootNavigationViewController.swift */ = {isa = PBXFileReference; lastKnownFileType = sourcecode.swift; path = RootNavigationViewController.swift; sourceTree = "<group>"; };
		E8E030D625DECC5B0028B4DD /* ChatApp.app */ = {isa = PBXFileReference; explicitFileType = wrapper.application; includeInIndex = 0; path = ChatApp.app; sourceTree = BUILT_PRODUCTS_DIR; };
		E8E030D925DECC5B0028B4DD /* AppDelegate.swift */ = {isa = PBXFileReference; lastKnownFileType = sourcecode.swift; path = AppDelegate.swift; sourceTree = "<group>"; };
		E8E030E325DECC5B0028B4DD /* ChatApp.xcdatamodel */ = {isa = PBXFileReference; lastKnownFileType = wrapper.xcdatamodel; path = ChatApp.xcdatamodel; sourceTree = "<group>"; };
		E8E030E525DECC5D0028B4DD /* Assets.xcassets */ = {isa = PBXFileReference; lastKnownFileType = folder.assetcatalog; path = Assets.xcassets; sourceTree = "<group>"; };
		E8E030E825DECC5D0028B4DD /* Base */ = {isa = PBXFileReference; lastKnownFileType = file.storyboard; name = Base; path = Base.lproj/LaunchScreen.storyboard; sourceTree = "<group>"; };
		E8E030EA25DECC5D0028B4DD /* Info.plist */ = {isa = PBXFileReference; lastKnownFileType = text.plist.xml; path = Info.plist; sourceTree = "<group>"; };
		E8E030EF25DECC5E0028B4DD /* ChatAppTests.xctest */ = {isa = PBXFileReference; explicitFileType = wrapper.cfbundle; includeInIndex = 0; path = ChatAppTests.xctest; sourceTree = BUILT_PRODUCTS_DIR; };
		E8E030F525DECC5E0028B4DD /* Info.plist */ = {isa = PBXFileReference; lastKnownFileType = text.plist.xml; path = Info.plist; sourceTree = "<group>"; };
		E8E030FA25DECC5E0028B4DD /* ChatAppUITests.xctest */ = {isa = PBXFileReference; explicitFileType = wrapper.cfbundle; includeInIndex = 0; path = ChatAppUITests.xctest; sourceTree = BUILT_PRODUCTS_DIR; };
		E8E0310025DECC5E0028B4DD /* Info.plist */ = {isa = PBXFileReference; lastKnownFileType = text.plist.xml; path = Info.plist; sourceTree = "<group>"; };
		E8E0311925DECF950028B4DD /* Logger.swift */ = {isa = PBXFileReference; lastKnownFileType = sourcecode.swift; path = Logger.swift; sourceTree = "<group>"; };
		E8E0312525DEDD4A0028B4DD /* UIApplicationState+Ext.swift */ = {isa = PBXFileReference; lastKnownFileType = sourcecode.swift; path = "UIApplicationState+Ext.swift"; sourceTree = "<group>"; };
		E8E0312E25DF09940028B4DD /* Constants.swift */ = {isa = PBXFileReference; lastKnownFileType = sourcecode.swift; path = Constants.swift; sourceTree = "<group>"; };
/* End PBXFileReference section */

/* Begin PBXFrameworksBuildPhase section */
		E8E030D325DECC5B0028B4DD /* Frameworks */ = {
			isa = PBXFrameworksBuildPhase;
			buildActionMask = 2147483647;
			files = (
				021EE452CF6F8C2D5E8F5A65 /* libPods-ChatApp.a in Frameworks */,
			);
			runOnlyForDeploymentPostprocessing = 0;
		};
		E8E030EC25DECC5E0028B4DD /* Frameworks */ = {
			isa = PBXFrameworksBuildPhase;
			buildActionMask = 2147483647;
			files = (
			);
			runOnlyForDeploymentPostprocessing = 0;
		};
		E8E030F725DECC5E0028B4DD /* Frameworks */ = {
			isa = PBXFrameworksBuildPhase;
			buildActionMask = 2147483647;
			files = (
			);
			runOnlyForDeploymentPostprocessing = 0;
		};
/* End PBXFrameworksBuildPhase section */

/* Begin PBXGroup section */
		32B2963C58DF0789AA615808 /* Pods */ = {
			isa = PBXGroup;
			children = (
				41C6FCB432CDA20DB9DF2265 /* Pods-ChatApp.debug.xcconfig */,
				AC2D960DBED5F4BF3A5DB96B /* Pods-ChatApp.release.xcconfig */,
			);
			path = Pods;
			sourceTree = "<group>";
		};
		E818D5DB2600BC71001AB36E /* Managers */ = {
			isa = PBXGroup;
			children = (
				E818D5DC2600BC7E001AB36E /* FileManagement.swift */,
				E89A64B22603F27E00A5734B /* GCDAsyncManager.swift */,
				E89A64B72603F38D00A5734B /* OperationAsyncManager.swift */,
				E89A64BC260404A100A5734B /* AsyncManager.swift */,
			);
			path = Managers;
			sourceTree = "<group>";
		};
		E830324B25E1D86E00D772B9 /* View */ = {
			isa = PBXGroup;
			children = (
				E84D8D8125EC517B00345A2C /* Cells */,
				E830324C25E1D9C500D772B9 /* ActionButton.swift */,
				E830325925E28BD100D772B9 /* ProfileLogoImageView.swift */,
				E84D8D9D25EDA14600345A2C /* MessageBubbleView.swift */,
				E80BFB3D25F7D9450070B8EF /* ThemeView.swift */,
				E87690AC260D542E006B13C0 /* SendMessageView.swift */,
			);
			path = View;
			sourceTree = "<group>";
		};
		E83032AA25E519AF00D772B9 /* ImagePickerManager */ = {
			isa = PBXGroup;
			children = (
				E830329B25E50A5D00D772B9 /* ImagePickerManager.swift */,
				E83032A025E5131D00D772B9 /* CameraAlertController.swift */,
			);
			path = ImagePickerManager;
			sourceTree = "<group>";
		};
		E84D8D6925EA4CE300345A2C /* Model */ = {
			isa = PBXGroup;
			children = (
				E84D8D6A25EA4D0C00345A2C /* ConversationCellModel.swift */,
				E84D8DB225EEE5A700345A2C /* MessageCellModel.swift */,
				E84D8DF225F145DC00345A2C /* ConversationListSectionModel.swift */,
				E84D8DFC25F1890600345A2C /* User.swift */,
				E89A64AD2603F1D500A5734B /* UserViewModel.swift */,
				E876909A260D400E006B13C0 /* Channel.swift */,
				E87690A4260D43E9006B13C0 /* Message.swift */,
			);
			path = Model;
			sourceTree = "<group>";
		};
		E84D8D6F25EA4F7E00345A2C /* Service */ = {
			isa = PBXGroup;
			children = (
				E84D8D7025EA4FB900345A2C /* DataProvider.swift */,
				E876909F260D404D006B13C0 /* FirestoreService.swift */,
				E8AFB9E726178923007AB74D /* CoreDataService.swift */,
			);
			path = Service;
			sourceTree = "<group>";
		};
		E84D8D8125EC517B00345A2C /* Cells */ = {
			isa = PBXGroup;
			children = (
				E84D8D8225EC51AF00345A2C /* ConversationTableViewCell.swift */,
				E84D8DAD25EEDB7A00345A2C /* MessageTableViewCell.swift */,
			);
			path = Cells;
			sourceTree = "<group>";
		};
		E8AFBA2F26179D79007AB74D /* InitEntity */ = {
			isa = PBXGroup;
			children = (
				E8AFBA3026179D95007AB74D /* DBMessage+Init.swift */,
				E8AFBA3826179E1A007AB74D /* DBChannel+Init.swift */,
			);
			path = InitEntity;
			sourceTree = "<group>";
		};
		E8CB22A625FAC43A0085AABB /* Themes */ = {
			isa = PBXGroup;
			children = (
				E8CB22B725FAC7F50085AABB /* ThemeOptions */,
				E8CB22A725FAC44F0085AABB /* Themes.swift */,
				E8CB22AF25FAC4CC0085AABB /* AppTheme.swift */,
			);
			path = Themes;
			sourceTree = "<group>";
		};
		E8CB22B725FAC7F50085AABB /* ThemeOptions */ = {
			isa = PBXGroup;
			children = (
				E8CB22B825FAC8040085AABB /* ClassicTheme.swift */,
				E8CB22C025FACD770085AABB /* DayTheme.swift */,
				E8CB22C525FACDED0085AABB /* NightTheme.swift */,
			);
			path = ThemeOptions;
			sourceTree = "<group>";
		};
		E8E030CD25DECC5B0028B4DD = {
			isa = PBXGroup;
			children = (
				E8E030D825DECC5B0028B4DD /* ChatApp */,
				E8E030F225DECC5E0028B4DD /* ChatAppTests */,
				E8E030FD25DECC5E0028B4DD /* ChatAppUITests */,
				E8E030D725DECC5B0028B4DD /* Products */,
				32B2963C58DF0789AA615808 /* Pods */,
				ED6AD1ACE15904DEF44777AB /* Frameworks */,
			);
			sourceTree = "<group>";
		};
		E8E030D725DECC5B0028B4DD /* Products */ = {
			isa = PBXGroup;
			children = (
				E8E030D625DECC5B0028B4DD /* ChatApp.app */,
				E8E030EF25DECC5E0028B4DD /* ChatAppTests.xctest */,
				E8E030FA25DECC5E0028B4DD /* ChatAppUITests.xctest */,
			);
			name = Products;
			sourceTree = "<group>";
		};
		E8E030D825DECC5B0028B4DD /* ChatApp */ = {
			isa = PBXGroup;
			children = (
				E818D5DB2600BC71001AB36E /* Managers */,
				E84D8D6F25EA4F7E00345A2C /* Service */,
				E84D8D6925EA4CE300345A2C /* Model */,
				E830324B25E1D86E00D772B9 /* View */,
				E8E0311725DECF5A0028B4DD /* Controllers */,
				E8E0311625DECEE80028B4DD /* CoreData */,
				E8E0311825DECF830028B4DD /* Utilities */,
				E8E030D925DECC5B0028B4DD /* AppDelegate.swift */,
			);
			path = ChatApp;
			sourceTree = "<group>";
		};
		E8E030F225DECC5E0028B4DD /* ChatAppTests */ = {
			isa = PBXGroup;
			children = (
				E8E030F525DECC5E0028B4DD /* Info.plist */,
			);
			path = ChatAppTests;
			sourceTree = "<group>";
		};
		E8E030FD25DECC5E0028B4DD /* ChatAppUITests */ = {
			isa = PBXGroup;
			children = (
				E8E0310025DECC5E0028B4DD /* Info.plist */,
			);
			path = ChatAppUITests;
			sourceTree = "<group>";
		};
		E8E0311525DECECD0028B4DD /* Resources */ = {
			isa = PBXGroup;
			children = (
				E8769095260D3F6C006B13C0 /* GoogleService-Info.plist */,
				E8E030E525DECC5D0028B4DD /* Assets.xcassets */,
				E8E030E725DECC5D0028B4DD /* LaunchScreen.storyboard */,
				E8E030EA25DECC5D0028B4DD /* Info.plist */,
				E84D8DE025F1358900345A2C /* Localizable.strings */,
			);
			path = Resources;
			sourceTree = "<group>";
		};
		E8E0311625DECEE80028B4DD /* CoreData */ = {
			isa = PBXGroup;
			children = (
				E8AFBA892617A92B007AB74D /* DBChannel+CoreDataClass.swift */,
				E8AFBA8C2617A92C007AB74D /* DBChannel+CoreDataProperties.swift */,
				E8AFBA8A2617A92C007AB74D /* DBMessage+CoreDataClass.swift */,
				E8AFBA8B2617A92C007AB74D /* DBMessage+CoreDataProperties.swift */,
				E8AFBA2F26179D79007AB74D /* InitEntity */,
				E8E030E225DECC5B0028B4DD /* ChatApp.xcdatamodeld */,
			);
			path = CoreData;
			sourceTree = "<group>";
		};
		E8E0311725DECF5A0028B4DD /* Controllers */ = {
			isa = PBXGroup;
			children = (
				E830324525E1D7D800D772B9 /* ProfileViewController.swift */,
				E84D8D6025EA422500345A2C /* ConversationListViewController.swift */,
				E84D8D9025ED916A00345A2C /* ConversationViewController.swift */,
				E80BFB3825F7D83D0070B8EF /* ThemesViewController.swift */,
				E8CB22CA25FAE1A50085AABB /* RootNavigationViewController.swift */,
			);
			path = Controllers;
			sourceTree = "<group>";
		};
		E8E0311825DECF830028B4DD /* Utilities */ = {
			isa = PBXGroup;
			children = (
				E8CB22A625FAC43A0085AABB /* Themes */,
				E8E0311525DECECD0028B4DD /* Resources */,
				E83032AA25E519AF00D772B9 /* ImagePickerManager */,
				E8E0312D25DF09820028B4DD /* Constants */,
				E8E0312425DEDD1D0028B4DD /* Extensions */,
				E8E0311925DECF950028B4DD /* Logger.swift */,
				E830326125E2939300D772B9 /* HapticFeedback.swift */,
				E89A64C1260406C500A5734B /* TextViewDelegate.swift */,
				E87690BD260D5E9E006B13C0 /* UserData.swift */,
			);
			path = Utilities;
			sourceTree = "<group>";
		};
		E8E0312425DEDD1D0028B4DD /* Extensions */ = {
			isa = PBXGroup;
			children = (
				E8E0312525DEDD4A0028B4DD /* UIApplicationState+Ext.swift */,
				E830325425E1E82600D772B9 /* UIColor+Ext.swift */,
				E830326B25E2961900D772B9 /* UIAlertViewController+Ext.swift */,
				E84D8DC025F134D500345A2C /* String+Ext.swift */,
				E84D8DF725F1501900345A2C /* Date+Ext.swift */,
				E8CB228525F925730085AABB /* UIWindow+Ext.swift */,
				E8769085260D3D7E006B13C0 /* UIImage+Ext.swift */,
			);
			path = Extensions;
			sourceTree = "<group>";
		};
		E8E0312D25DF09820028B4DD /* Constants */ = {
			isa = PBXGroup;
			children = (
				E8E0312E25DF09940028B4DD /* Constants.swift */,
				E83032A525E514EE00D772B9 /* Colors.swift */,
				E83032AB25E539FB00D772B9 /* LocalizationKey.swift */,
				E84D8DEA25F1422600345A2C /* Images.swift */,
			);
			path = Constants;
			sourceTree = "<group>";
		};
		ED6AD1ACE15904DEF44777AB /* Frameworks */ = {
			isa = PBXGroup;
			children = (
				5D49A06E01288487BE1E20B6 /* libPods-ChatApp.a */,
			);
			name = Frameworks;
			sourceTree = "<group>";
		};
/* End PBXGroup section */

/* Begin PBXNativeTarget section */
		E8E030D525DECC5B0028B4DD /* ChatApp */ = {
			isa = PBXNativeTarget;
			buildConfigurationList = E8E0310325DECC5E0028B4DD /* Build configuration list for PBXNativeTarget "ChatApp" */;
			buildPhases = (
				EE160F469E2B9FB230FA8A5B /* [CP] Check Pods Manifest.lock */,
				E8E030D225DECC5B0028B4DD /* Sources */,
				E8E030D325DECC5B0028B4DD /* Frameworks */,
				E8E030D425DECC5B0028B4DD /* Resources */,
				E8768FE8260D2EBC006B13C0 /* Run Script */,
				2C37548435D1DCFE791616F9 /* [CP] Copy Pods Resources */,
			);
			buildRules = (
			);
			dependencies = (
			);
			name = ChatApp;
			productName = ChatApp;
			productReference = E8E030D625DECC5B0028B4DD /* ChatApp.app */;
			productType = "com.apple.product-type.application";
		};
		E8E030EE25DECC5E0028B4DD /* ChatAppTests */ = {
			isa = PBXNativeTarget;
			buildConfigurationList = E8E0310625DECC5E0028B4DD /* Build configuration list for PBXNativeTarget "ChatAppTests" */;
			buildPhases = (
				E8E030EB25DECC5E0028B4DD /* Sources */,
				E8E030EC25DECC5E0028B4DD /* Frameworks */,
				E8E030ED25DECC5E0028B4DD /* Resources */,
			);
			buildRules = (
			);
			dependencies = (
				E8E030F125DECC5E0028B4DD /* PBXTargetDependency */,
			);
			name = ChatAppTests;
			productName = ChatAppTests;
			productReference = E8E030EF25DECC5E0028B4DD /* ChatAppTests.xctest */;
			productType = "com.apple.product-type.bundle.unit-test";
		};
		E8E030F925DECC5E0028B4DD /* ChatAppUITests */ = {
			isa = PBXNativeTarget;
			buildConfigurationList = E8E0310925DECC5E0028B4DD /* Build configuration list for PBXNativeTarget "ChatAppUITests" */;
			buildPhases = (
				E8E030F625DECC5E0028B4DD /* Sources */,
				E8E030F725DECC5E0028B4DD /* Frameworks */,
				E8E030F825DECC5E0028B4DD /* Resources */,
			);
			buildRules = (
			);
			dependencies = (
				E8E030FC25DECC5E0028B4DD /* PBXTargetDependency */,
			);
			name = ChatAppUITests;
			productName = ChatAppUITests;
			productReference = E8E030FA25DECC5E0028B4DD /* ChatAppUITests.xctest */;
			productType = "com.apple.product-type.bundle.ui-testing";
		};
/* End PBXNativeTarget section */

/* Begin PBXProject section */
		E8E030CE25DECC5B0028B4DD /* Project object */ = {
			isa = PBXProject;
			attributes = {
				LastSwiftUpdateCheck = 1240;
				LastUpgradeCheck = 1240;
				TargetAttributes = {
					E8E030D525DECC5B0028B4DD = {
						CreatedOnToolsVersion = 12.4;
					};
					E8E030EE25DECC5E0028B4DD = {
						CreatedOnToolsVersion = 12.4;
						TestTargetID = E8E030D525DECC5B0028B4DD;
					};
					E8E030F925DECC5E0028B4DD = {
						CreatedOnToolsVersion = 12.4;
						TestTargetID = E8E030D525DECC5B0028B4DD;
					};
				};
			};
			buildConfigurationList = E8E030D125DECC5B0028B4DD /* Build configuration list for PBXProject "ChatApp" */;
			compatibilityVersion = "Xcode 9.3";
			developmentRegion = en;
			hasScannedForEncodings = 0;
			knownRegions = (
				en,
				Base,
				ru,
			);
			mainGroup = E8E030CD25DECC5B0028B4DD;
			productRefGroup = E8E030D725DECC5B0028B4DD /* Products */;
			projectDirPath = "";
			projectRoot = "";
			targets = (
				E8E030D525DECC5B0028B4DD /* ChatApp */,
				E8E030EE25DECC5E0028B4DD /* ChatAppTests */,
				E8E030F925DECC5E0028B4DD /* ChatAppUITests */,
			);
		};
/* End PBXProject section */

/* Begin PBXResourcesBuildPhase section */
		E8E030D425DECC5B0028B4DD /* Resources */ = {
			isa = PBXResourcesBuildPhase;
			buildActionMask = 2147483647;
			files = (
				E8E030E925DECC5D0028B4DD /* LaunchScreen.storyboard in Resources */,
				E8769096260D3F6C006B13C0 /* GoogleService-Info.plist in Resources */,
				E84D8DDE25F1358900345A2C /* Localizable.strings in Resources */,
				E8E030E625DECC5D0028B4DD /* Assets.xcassets in Resources */,
			);
			runOnlyForDeploymentPostprocessing = 0;
		};
		E8E030ED25DECC5E0028B4DD /* Resources */ = {
			isa = PBXResourcesBuildPhase;
			buildActionMask = 2147483647;
			files = (
			);
			runOnlyForDeploymentPostprocessing = 0;
		};
		E8E030F825DECC5E0028B4DD /* Resources */ = {
			isa = PBXResourcesBuildPhase;
			buildActionMask = 2147483647;
			files = (
			);
			runOnlyForDeploymentPostprocessing = 0;
		};
/* End PBXResourcesBuildPhase section */

/* Begin PBXShellScriptBuildPhase section */
		2C37548435D1DCFE791616F9 /* [CP] Copy Pods Resources */ = {
			isa = PBXShellScriptBuildPhase;
			buildActionMask = 2147483647;
			files = (
			);
			inputFileListPaths = (
				"${PODS_ROOT}/Target Support Files/Pods-ChatApp/Pods-ChatApp-resources-${CONFIGURATION}-input-files.xcfilelist",
			);
			name = "[CP] Copy Pods Resources";
			outputFileListPaths = (
				"${PODS_ROOT}/Target Support Files/Pods-ChatApp/Pods-ChatApp-resources-${CONFIGURATION}-output-files.xcfilelist",
			);
			runOnlyForDeploymentPostprocessing = 0;
			shellPath = /bin/sh;
			shellScript = "\"${PODS_ROOT}/Target Support Files/Pods-ChatApp/Pods-ChatApp-resources.sh\"\n";
			showEnvVarsInLog = 0;
		};
		E8768FE8260D2EBC006B13C0 /* Run Script */ = {
			isa = PBXShellScriptBuildPhase;
			buildActionMask = 2147483647;
			files = (
			);
			inputFileListPaths = (
			);
			inputPaths = (
			);
			name = "Run Script";
			outputFileListPaths = (
			);
			outputPaths = (
			);
			runOnlyForDeploymentPostprocessing = 0;
			shellPath = /bin/sh;
			shellScript = "\"${PODS_ROOT}/SwiftLint/swiftlint\"\n";
		};
		EE160F469E2B9FB230FA8A5B /* [CP] Check Pods Manifest.lock */ = {
			isa = PBXShellScriptBuildPhase;
			buildActionMask = 2147483647;
			files = (
			);
			inputFileListPaths = (
			);
			inputPaths = (
				"${PODS_PODFILE_DIR_PATH}/Podfile.lock",
				"${PODS_ROOT}/Manifest.lock",
			);
			name = "[CP] Check Pods Manifest.lock";
			outputFileListPaths = (
			);
			outputPaths = (
				"$(DERIVED_FILE_DIR)/Pods-ChatApp-checkManifestLockResult.txt",
			);
			runOnlyForDeploymentPostprocessing = 0;
			shellPath = /bin/sh;
			shellScript = "diff \"${PODS_PODFILE_DIR_PATH}/Podfile.lock\" \"${PODS_ROOT}/Manifest.lock\" > /dev/null\nif [ $? != 0 ] ; then\n    # print error to STDERR\n    echo \"error: The sandbox is not in sync with the Podfile.lock. Run 'pod install' or update your CocoaPods installation.\" >&2\n    exit 1\nfi\n# This output is used by Xcode 'outputs' to avoid re-running this script phase.\necho \"SUCCESS\" > \"${SCRIPT_OUTPUT_FILE_0}\"\n";
			showEnvVarsInLog = 0;
		};
/* End PBXShellScriptBuildPhase section */

/* Begin PBXSourcesBuildPhase section */
		E8E030D225DECC5B0028B4DD /* Sources */ = {
			isa = PBXSourcesBuildPhase;
			buildActionMask = 2147483647;
			files = (
				E8AFBA812617A431007AB74D /* DBMessage+Init.swift in Sources */,
				E8AFBA8E2617A92C007AB74D /* DBMessage+CoreDataClass.swift in Sources */,
				E8AFBA822617A431007AB74D /* DBChannel+Init.swift in Sources */,
				E84D8D6B25EA4D0C00345A2C /* ConversationCellModel.swift in Sources */,
				E84D8D9E25EDA14600345A2C /* MessageBubbleView.swift in Sources */,
				E84D8DB325EEE5A700345A2C /* MessageCellModel.swift in Sources */,
				E830329C25E50A5D00D772B9 /* ImagePickerManager.swift in Sources */,
				E89A64B32603F27E00A5734B /* GCDAsyncManager.swift in Sources */,
				E830325A25E28BD100D772B9 /* ProfileLogoImageView.swift in Sources */,
				E84D8D6125EA422500345A2C /* ConversationListViewController.swift in Sources */,
				E84D8DAE25EEDB7A00345A2C /* MessageTableViewCell.swift in Sources */,
				E8CB22CB25FAE1A50085AABB /* RootNavigationViewController.swift in Sources */,
				E8CB22B925FAC8040085AABB /* ClassicTheme.swift in Sources */,
				E87690AD260D542E006B13C0 /* SendMessageView.swift in Sources */,
				E83032A625E514EE00D772B9 /* Colors.swift in Sources */,
				E84D8DFD25F1890600345A2C /* User.swift in Sources */,
				E87690BE260D5E9E006B13C0 /* UserData.swift in Sources */,
				E830326225E2939300D772B9 /* HapticFeedback.swift in Sources */,
				E8CB22C625FACDED0085AABB /* NightTheme.swift in Sources */,
				E8AFB9E826178924007AB74D /* CoreDataService.swift in Sources */,
				E84D8DF325F145DC00345A2C /* ConversationListSectionModel.swift in Sources */,
				E83032AC25E539FB00D772B9 /* LocalizationKey.swift in Sources */,
				E876909B260D400E006B13C0 /* Channel.swift in Sources */,
				E8AFBA8D2617A92C007AB74D /* DBChannel+CoreDataClass.swift in Sources */,
				E89A64B82603F38D00A5734B /* OperationAsyncManager.swift in Sources */,
				E80BFB3925F7D83D0070B8EF /* ThemesViewController.swift in Sources */,
				E87690A0260D404D006B13C0 /* FirestoreService.swift in Sources */,
				E8AFBA902617A92C007AB74D /* DBChannel+CoreDataProperties.swift in Sources */,
				E8CB22B025FAC4CC0085AABB /* AppTheme.swift in Sources */,
				E8E030E425DECC5B0028B4DD /* ChatApp.xcdatamodeld in Sources */,
				E8E0312625DEDD4A0028B4DD /* UIApplicationState+Ext.swift in Sources */,
				E8769086260D3D7E006B13C0 /* UIImage+Ext.swift in Sources */,
				E8E030DA25DECC5B0028B4DD /* AppDelegate.swift in Sources */,
				E818D5DD2600BC7E001AB36E /* FileManagement.swift in Sources */,
				E8CB22A825FAC44F0085AABB /* Themes.swift in Sources */,
				E84D8D8325EC51AF00345A2C /* ConversationTableViewCell.swift in Sources */,
				E830324625E1D7D800D772B9 /* ProfileViewController.swift in Sources */,
				E8CB22C125FACD770085AABB /* DayTheme.swift in Sources */,
				E8E0311A25DECF950028B4DD /* Logger.swift in Sources */,
				E84D8DEB25F1422600345A2C /* Images.swift in Sources */,
				E84D8DF825F1501900345A2C /* Date+Ext.swift in Sources */,
				E84D8D9125ED916A00345A2C /* ConversationViewController.swift in Sources */,
				E89A64BD260404A100A5734B /* AsyncManager.swift in Sources */,
				E84D8DC125F134D500345A2C /* String+Ext.swift in Sources */,
				E84D8D7125EA4FB900345A2C /* DataProvider.swift in Sources */,
				E830326C25E2961900D772B9 /* UIAlertViewController+Ext.swift in Sources */,
				E89A64AE2603F1D500A5734B /* UserViewModel.swift in Sources */,
				E83032A125E5131D00D772B9 /* CameraAlertController.swift in Sources */,
				E8AFBA8F2617A92C007AB74D /* DBMessage+CoreDataProperties.swift in Sources */,
				E8CB228625F925730085AABB /* UIWindow+Ext.swift in Sources */,
				E830325525E1E82600D772B9 /* UIColor+Ext.swift in Sources */,
				E89A64C2260406C500A5734B /* TextViewDelegate.swift in Sources */,
				E8E0312F25DF09940028B4DD /* Constants.swift in Sources */,
				E87690A5260D43E9006B13C0 /* Message.swift in Sources */,
				E80BFB3E25F7D9450070B8EF /* ThemeView.swift in Sources */,
				E830324D25E1D9C500D772B9 /* ActionButton.swift in Sources */,
			);
			runOnlyForDeploymentPostprocessing = 0;
		};
		E8E030EB25DECC5E0028B4DD /* Sources */ = {
			isa = PBXSourcesBuildPhase;
			buildActionMask = 2147483647;
			files = (
			);
			runOnlyForDeploymentPostprocessing = 0;
		};
		E8E030F625DECC5E0028B4DD /* Sources */ = {
			isa = PBXSourcesBuildPhase;
			buildActionMask = 2147483647;
			files = (
			);
			runOnlyForDeploymentPostprocessing = 0;
		};
/* End PBXSourcesBuildPhase section */

/* Begin PBXTargetDependency section */
		E8E030F125DECC5E0028B4DD /* PBXTargetDependency */ = {
			isa = PBXTargetDependency;
			target = E8E030D525DECC5B0028B4DD /* ChatApp */;
			targetProxy = E8E030F025DECC5E0028B4DD /* PBXContainerItemProxy */;
		};
		E8E030FC25DECC5E0028B4DD /* PBXTargetDependency */ = {
			isa = PBXTargetDependency;
			target = E8E030D525DECC5B0028B4DD /* ChatApp */;
			targetProxy = E8E030FB25DECC5E0028B4DD /* PBXContainerItemProxy */;
		};
/* End PBXTargetDependency section */

/* Begin PBXVariantGroup section */
		E84D8DE025F1358900345A2C /* Localizable.strings */ = {
			isa = PBXVariantGroup;
			children = (
				E84D8DDF25F1358900345A2C /* en */,
				E84D8DE425F1358D00345A2C /* ru */,
			);
			name = Localizable.strings;
			sourceTree = "<group>";
		};
		E8E030E725DECC5D0028B4DD /* LaunchScreen.storyboard */ = {
			isa = PBXVariantGroup;
			children = (
				E8E030E825DECC5D0028B4DD /* Base */,
				E84D8DDA25F1356500345A2C /* ru */,
			);
			name = LaunchScreen.storyboard;
			sourceTree = "<group>";
		};
/* End PBXVariantGroup section */

/* Begin XCBuildConfiguration section */
		E8E0310125DECC5E0028B4DD /* Debug */ = {
			isa = XCBuildConfiguration;
			buildSettings = {
				ALWAYS_SEARCH_USER_PATHS = NO;
				CLANG_ANALYZER_LOCALIZABILITY_NONLOCALIZED = YES;
				CLANG_ANALYZER_NONNULL = YES;
				CLANG_ANALYZER_NUMBER_OBJECT_CONVERSION = YES_AGGRESSIVE;
				CLANG_CXX_LANGUAGE_STANDARD = "gnu++14";
				CLANG_CXX_LIBRARY = "libc++";
				CLANG_ENABLE_MODULES = YES;
				CLANG_ENABLE_OBJC_ARC = YES;
				CLANG_ENABLE_OBJC_WEAK = YES;
				CLANG_WARN_BLOCK_CAPTURE_AUTORELEASING = YES;
				CLANG_WARN_BOOL_CONVERSION = YES;
				CLANG_WARN_COMMA = YES;
				CLANG_WARN_CONSTANT_CONVERSION = YES;
				CLANG_WARN_DEPRECATED_OBJC_IMPLEMENTATIONS = YES;
				CLANG_WARN_DIRECT_OBJC_ISA_USAGE = YES_ERROR;
				CLANG_WARN_DOCUMENTATION_COMMENTS = YES;
				CLANG_WARN_EMPTY_BODY = YES;
				CLANG_WARN_ENUM_CONVERSION = YES;
				CLANG_WARN_INFINITE_RECURSION = YES;
				CLANG_WARN_INT_CONVERSION = YES;
				CLANG_WARN_NON_LITERAL_NULL_CONVERSION = YES;
				CLANG_WARN_OBJC_IMPLICIT_RETAIN_SELF = YES;
				CLANG_WARN_OBJC_LITERAL_CONVERSION = YES;
				CLANG_WARN_OBJC_ROOT_CLASS = YES_ERROR;
				CLANG_WARN_QUOTED_INCLUDE_IN_FRAMEWORK_HEADER = YES;
				CLANG_WARN_RANGE_LOOP_ANALYSIS = YES;
				CLANG_WARN_STRICT_PROTOTYPES = YES;
				CLANG_WARN_SUSPICIOUS_MOVE = YES;
				CLANG_WARN_UNGUARDED_AVAILABILITY = YES_AGGRESSIVE;
				CLANG_WARN_UNREACHABLE_CODE = YES;
				CLANG_WARN__DUPLICATE_METHOD_MATCH = YES;
				COPY_PHASE_STRIP = NO;
				DEBUG_INFORMATION_FORMAT = dwarf;
				ENABLE_STRICT_OBJC_MSGSEND = YES;
				ENABLE_TESTABILITY = YES;
				GCC_C_LANGUAGE_STANDARD = gnu11;
				GCC_DYNAMIC_NO_PIC = NO;
				GCC_NO_COMMON_BLOCKS = YES;
				GCC_OPTIMIZATION_LEVEL = 0;
				GCC_PREPROCESSOR_DEFINITIONS = (
					"DEBUG=1",
					"$(inherited)",
				);
				GCC_WARN_64_TO_32_BIT_CONVERSION = YES;
				GCC_WARN_ABOUT_RETURN_TYPE = YES_ERROR;
				GCC_WARN_UNDECLARED_SELECTOR = YES;
				GCC_WARN_UNINITIALIZED_AUTOS = YES_AGGRESSIVE;
				GCC_WARN_UNUSED_FUNCTION = YES;
				GCC_WARN_UNUSED_VARIABLE = YES;
				IPHONEOS_DEPLOYMENT_TARGET = 12.1;
				MTL_ENABLE_DEBUG_INFO = INCLUDE_SOURCE;
				MTL_FAST_MATH = YES;
				ONLY_ACTIVE_ARCH = YES;
				SDKROOT = iphoneos;
				SWIFT_ACTIVE_COMPILATION_CONDITIONS = DEBUG;
				SWIFT_OPTIMIZATION_LEVEL = "-Onone";
			};
			name = Debug;
		};
		E8E0310225DECC5E0028B4DD /* Release */ = {
			isa = XCBuildConfiguration;
			buildSettings = {
				ALWAYS_SEARCH_USER_PATHS = NO;
				CLANG_ANALYZER_LOCALIZABILITY_NONLOCALIZED = YES;
				CLANG_ANALYZER_NONNULL = YES;
				CLANG_ANALYZER_NUMBER_OBJECT_CONVERSION = YES_AGGRESSIVE;
				CLANG_CXX_LANGUAGE_STANDARD = "gnu++14";
				CLANG_CXX_LIBRARY = "libc++";
				CLANG_ENABLE_MODULES = YES;
				CLANG_ENABLE_OBJC_ARC = YES;
				CLANG_ENABLE_OBJC_WEAK = YES;
				CLANG_WARN_BLOCK_CAPTURE_AUTORELEASING = YES;
				CLANG_WARN_BOOL_CONVERSION = YES;
				CLANG_WARN_COMMA = YES;
				CLANG_WARN_CONSTANT_CONVERSION = YES;
				CLANG_WARN_DEPRECATED_OBJC_IMPLEMENTATIONS = YES;
				CLANG_WARN_DIRECT_OBJC_ISA_USAGE = YES_ERROR;
				CLANG_WARN_DOCUMENTATION_COMMENTS = YES;
				CLANG_WARN_EMPTY_BODY = YES;
				CLANG_WARN_ENUM_CONVERSION = YES;
				CLANG_WARN_INFINITE_RECURSION = YES;
				CLANG_WARN_INT_CONVERSION = YES;
				CLANG_WARN_NON_LITERAL_NULL_CONVERSION = YES;
				CLANG_WARN_OBJC_IMPLICIT_RETAIN_SELF = YES;
				CLANG_WARN_OBJC_LITERAL_CONVERSION = YES;
				CLANG_WARN_OBJC_ROOT_CLASS = YES_ERROR;
				CLANG_WARN_QUOTED_INCLUDE_IN_FRAMEWORK_HEADER = YES;
				CLANG_WARN_RANGE_LOOP_ANALYSIS = YES;
				CLANG_WARN_STRICT_PROTOTYPES = YES;
				CLANG_WARN_SUSPICIOUS_MOVE = YES;
				CLANG_WARN_UNGUARDED_AVAILABILITY = YES_AGGRESSIVE;
				CLANG_WARN_UNREACHABLE_CODE = YES;
				CLANG_WARN__DUPLICATE_METHOD_MATCH = YES;
				COPY_PHASE_STRIP = NO;
				DEBUG_INFORMATION_FORMAT = "dwarf-with-dsym";
				ENABLE_NS_ASSERTIONS = NO;
				ENABLE_STRICT_OBJC_MSGSEND = YES;
				GCC_C_LANGUAGE_STANDARD = gnu11;
				GCC_NO_COMMON_BLOCKS = YES;
				GCC_WARN_64_TO_32_BIT_CONVERSION = YES;
				GCC_WARN_ABOUT_RETURN_TYPE = YES_ERROR;
				GCC_WARN_UNDECLARED_SELECTOR = YES;
				GCC_WARN_UNINITIALIZED_AUTOS = YES_AGGRESSIVE;
				GCC_WARN_UNUSED_FUNCTION = YES;
				GCC_WARN_UNUSED_VARIABLE = YES;
				IPHONEOS_DEPLOYMENT_TARGET = 12.1;
				MTL_ENABLE_DEBUG_INFO = NO;
				MTL_FAST_MATH = YES;
				SDKROOT = iphoneos;
				SWIFT_COMPILATION_MODE = wholemodule;
				SWIFT_OPTIMIZATION_LEVEL = "-O";
				VALIDATE_PRODUCT = YES;
			};
			name = Release;
		};
		E8E0310425DECC5E0028B4DD /* Debug */ = {
			isa = XCBuildConfiguration;
			baseConfigurationReference = 41C6FCB432CDA20DB9DF2265 /* Pods-ChatApp.debug.xcconfig */;
			buildSettings = {
				ASSETCATALOG_COMPILER_APPICON_NAME = AppIcon;
				ASSETCATALOG_COMPILER_GLOBAL_ACCENT_COLOR_NAME = AccentColor;
				CODE_SIGN_STYLE = Automatic;
				DEVELOPMENT_TEAM = AC7SNZV8BM;
				INFOPLIST_FILE = ChatApp/Utilities/Resources/Info.plist;
				IPHONEOS_DEPLOYMENT_TARGET = 12.1;
				LD_RUNPATH_SEARCH_PATHS = (
					"$(inherited)",
					"@executable_path/Frameworks",
				);
				PRODUCT_BUNDLE_IDENTIFIER = ru.tinkoff.TinkoffChat;
				PRODUCT_NAME = "$(TARGET_NAME)";
				SWIFT_VERSION = 5.0;
				TARGETED_DEVICE_FAMILY = "1,2";
			};
			name = Debug;
		};
		E8E0310525DECC5E0028B4DD /* Release */ = {
			isa = XCBuildConfiguration;
			baseConfigurationReference = AC2D960DBED5F4BF3A5DB96B /* Pods-ChatApp.release.xcconfig */;
			buildSettings = {
				ASSETCATALOG_COMPILER_APPICON_NAME = AppIcon;
				ASSETCATALOG_COMPILER_GLOBAL_ACCENT_COLOR_NAME = AccentColor;
				CODE_SIGN_STYLE = Automatic;
				DEVELOPMENT_TEAM = AC7SNZV8BM;
				INFOPLIST_FILE = ChatApp/Utilities/Resources/Info.plist;
				IPHONEOS_DEPLOYMENT_TARGET = 12.1;
				LD_RUNPATH_SEARCH_PATHS = (
					"$(inherited)",
					"@executable_path/Frameworks",
				);
				PRODUCT_BUNDLE_IDENTIFIER = ru.tinkoff.TinkoffChat;
				PRODUCT_NAME = "$(TARGET_NAME)";
				SWIFT_VERSION = 5.0;
				TARGETED_DEVICE_FAMILY = "1,2";
			};
			name = Release;
		};
		E8E0310725DECC5E0028B4DD /* Debug */ = {
			isa = XCBuildConfiguration;
			buildSettings = {
				ALWAYS_EMBED_SWIFT_STANDARD_LIBRARIES = YES;
				BUNDLE_LOADER = "$(TEST_HOST)";
				CODE_SIGN_STYLE = Automatic;
				DEVELOPMENT_TEAM = AC7SNZV8BM;
				INFOPLIST_FILE = ChatAppTests/Info.plist;
				IPHONEOS_DEPLOYMENT_TARGET = 14.4;
				LD_RUNPATH_SEARCH_PATHS = (
					"$(inherited)",
					"@executable_path/Frameworks",
					"@loader_path/Frameworks",
				);
				PRODUCT_BUNDLE_IDENTIFIER = com.project.rkhodukin.ChatAppTests;
				PRODUCT_NAME = "$(TARGET_NAME)";
				SWIFT_VERSION = 5.0;
				TARGETED_DEVICE_FAMILY = "1,2";
				TEST_HOST = "$(BUILT_PRODUCTS_DIR)/ChatApp.app/ChatApp";
			};
			name = Debug;
		};
		E8E0310825DECC5E0028B4DD /* Release */ = {
			isa = XCBuildConfiguration;
			buildSettings = {
				ALWAYS_EMBED_SWIFT_STANDARD_LIBRARIES = YES;
				BUNDLE_LOADER = "$(TEST_HOST)";
				CODE_SIGN_STYLE = Automatic;
				DEVELOPMENT_TEAM = AC7SNZV8BM;
				INFOPLIST_FILE = ChatAppTests/Info.plist;
				IPHONEOS_DEPLOYMENT_TARGET = 14.4;
				LD_RUNPATH_SEARCH_PATHS = (
					"$(inherited)",
					"@executable_path/Frameworks",
					"@loader_path/Frameworks",
				);
				PRODUCT_BUNDLE_IDENTIFIER = com.project.rkhodukin.ChatAppTests;
				PRODUCT_NAME = "$(TARGET_NAME)";
				SWIFT_VERSION = 5.0;
				TARGETED_DEVICE_FAMILY = "1,2";
				TEST_HOST = "$(BUILT_PRODUCTS_DIR)/ChatApp.app/ChatApp";
			};
			name = Release;
		};
		E8E0310A25DECC5E0028B4DD /* Debug */ = {
			isa = XCBuildConfiguration;
			buildSettings = {
				ALWAYS_EMBED_SWIFT_STANDARD_LIBRARIES = YES;
				CODE_SIGN_STYLE = Automatic;
				DEVELOPMENT_TEAM = AC7SNZV8BM;
				INFOPLIST_FILE = ChatAppUITests/Info.plist;
				LD_RUNPATH_SEARCH_PATHS = (
					"$(inherited)",
					"@executable_path/Frameworks",
					"@loader_path/Frameworks",
				);
				PRODUCT_BUNDLE_IDENTIFIER = com.project.rkhodukin.ChatAppUITests;
				PRODUCT_NAME = "$(TARGET_NAME)";
				SWIFT_VERSION = 5.0;
				TARGETED_DEVICE_FAMILY = "1,2";
				TEST_TARGET_NAME = ChatApp;
			};
			name = Debug;
		};
		E8E0310B25DECC5E0028B4DD /* Release */ = {
			isa = XCBuildConfiguration;
			buildSettings = {
				ALWAYS_EMBED_SWIFT_STANDARD_LIBRARIES = YES;
				CODE_SIGN_STYLE = Automatic;
				DEVELOPMENT_TEAM = AC7SNZV8BM;
				INFOPLIST_FILE = ChatAppUITests/Info.plist;
				LD_RUNPATH_SEARCH_PATHS = (
					"$(inherited)",
					"@executable_path/Frameworks",
					"@loader_path/Frameworks",
				);
				PRODUCT_BUNDLE_IDENTIFIER = com.project.rkhodukin.ChatAppUITests;
				PRODUCT_NAME = "$(TARGET_NAME)";
				SWIFT_VERSION = 5.0;
				TARGETED_DEVICE_FAMILY = "1,2";
				TEST_TARGET_NAME = ChatApp;
			};
			name = Release;
		};
/* End XCBuildConfiguration section */

/* Begin XCConfigurationList section */
		E8E030D125DECC5B0028B4DD /* Build configuration list for PBXProject "ChatApp" */ = {
			isa = XCConfigurationList;
			buildConfigurations = (
				E8E0310125DECC5E0028B4DD /* Debug */,
				E8E0310225DECC5E0028B4DD /* Release */,
			);
			defaultConfigurationIsVisible = 0;
			defaultConfigurationName = Release;
		};
		E8E0310325DECC5E0028B4DD /* Build configuration list for PBXNativeTarget "ChatApp" */ = {
			isa = XCConfigurationList;
			buildConfigurations = (
				E8E0310425DECC5E0028B4DD /* Debug */,
				E8E0310525DECC5E0028B4DD /* Release */,
			);
			defaultConfigurationIsVisible = 0;
			defaultConfigurationName = Release;
		};
		E8E0310625DECC5E0028B4DD /* Build configuration list for PBXNativeTarget "ChatAppTests" */ = {
			isa = XCConfigurationList;
			buildConfigurations = (
				E8E0310725DECC5E0028B4DD /* Debug */,
				E8E0310825DECC5E0028B4DD /* Release */,
			);
			defaultConfigurationIsVisible = 0;
			defaultConfigurationName = Release;
		};
		E8E0310925DECC5E0028B4DD /* Build configuration list for PBXNativeTarget "ChatAppUITests" */ = {
			isa = XCConfigurationList;
			buildConfigurations = (
				E8E0310A25DECC5E0028B4DD /* Debug */,
				E8E0310B25DECC5E0028B4DD /* Release */,
			);
			defaultConfigurationIsVisible = 0;
			defaultConfigurationName = Release;
		};
/* End XCConfigurationList section */

/* Begin XCVersionGroup section */
		E8E030E225DECC5B0028B4DD /* ChatApp.xcdatamodeld */ = {
			isa = XCVersionGroup;
			children = (
				E8E030E325DECC5B0028B4DD /* ChatApp.xcdatamodel */,
			);
			currentVersion = E8E030E325DECC5B0028B4DD /* ChatApp.xcdatamodel */;
			path = ChatApp.xcdatamodeld;
			sourceTree = "<group>";
			versionGroupType = wrapper.xcdatamodel;
		};
/* End XCVersionGroup section */
	};
	rootObject = E8E030CE25DECC5B0028B4DD /* Project object */;
}
