// !$*UTF8*$!
{
	archiveVersion = 1;
	classes = {
	};
	objectVersion = 51;
	objects = {

/* Begin PBXBuildFile section */
		1EA3EE143E32A791A1BCAA13 /* Pods_ChatAppTests.framework in Frameworks */ = {isa = PBXBuildFile; fileRef = 698C000A82475AAB6CD59F59 /* Pods_ChatAppTests.framework */; };
		36A90B2C1725CC65487A9079 /* Pods_ChatAppUITests.framework in Frameworks */ = {isa = PBXBuildFile; fileRef = 11A6FF32C9A34BAD958F059B /* Pods_ChatAppUITests.framework */; };
		41B2DEF7409F7A653D3821AA /* Pods_ChatApp.framework in Frameworks */ = {isa = PBXBuildFile; fileRef = 8EBC7FE655500586B73D0526 /* Pods_ChatApp.framework */; };
		E808358726432EBB00EF7F9B /* ProfileUITests.swift in Sources */ = {isa = PBXBuildFile; fileRef = E808358626432EBB00EF7F9B /* ProfileUITests.swift */; };
		E808358926432ECB00EF7F9B /* ChatAppTests.swift in Sources */ = {isa = PBXBuildFile; fileRef = E808358826432ECB00EF7F9B /* ChatAppTests.swift */; };
		E80BFB3925F7D83D0070B8EF /* ThemesViewController.swift in Sources */ = {isa = PBXBuildFile; fileRef = E80BFB3825F7D83D0070B8EF /* ThemesViewController.swift */; };
		E80BFB3E25F7D9450070B8EF /* ThemeView.swift in Sources */ = {isa = PBXBuildFile; fileRef = E80BFB3D25F7D9450070B8EF /* ThemeView.swift */; };
		E818D5DD2600BC7E001AB36E /* FileManagement.swift in Sources */ = {isa = PBXBuildFile; fileRef = E818D5DC2600BC7E001AB36E /* FileManagement.swift */; };
		E82990052644B6CE00D0C7E3 /* UserStorageManagerMock.swift in Sources */ = {isa = PBXBuildFile; fileRef = E82990042644B6CE00D0C7E3 /* UserStorageManagerMock.swift */; };
		E82990082644BC0600D0C7E3 /* UserDataManagerMock.swift in Sources */ = {isa = PBXBuildFile; fileRef = E82990072644BC0600D0C7E3 /* UserDataManagerMock.swift */; };
		E830324625E1D7D800D772B9 /* ProfileViewController.swift in Sources */ = {isa = PBXBuildFile; fileRef = E830324525E1D7D800D772B9 /* ProfileViewController.swift */; };
		E830324D25E1D9C500D772B9 /* ActionButton.swift in Sources */ = {isa = PBXBuildFile; fileRef = E830324C25E1D9C500D772B9 /* ActionButton.swift */; };
		E830325525E1E82600D772B9 /* UIColor+Ext.swift in Sources */ = {isa = PBXBuildFile; fileRef = E830325425E1E82600D772B9 /* UIColor+Ext.swift */; };
		E830325A25E28BD100D772B9 /* ProfilePhotoView.swift in Sources */ = {isa = PBXBuildFile; fileRef = E830325925E28BD100D772B9 /* ProfilePhotoView.swift */; };
		E830326225E2939300D772B9 /* HapticFeedback.swift in Sources */ = {isa = PBXBuildFile; fileRef = E830326125E2939300D772B9 /* HapticFeedback.swift */; };
		E830326C25E2961900D772B9 /* UIAlertViewController+Ext.swift in Sources */ = {isa = PBXBuildFile; fileRef = E830326B25E2961900D772B9 /* UIAlertViewController+Ext.swift */; };
		E83032A125E5131D00D772B9 /* CameraAlertController.swift in Sources */ = {isa = PBXBuildFile; fileRef = E83032A025E5131D00D772B9 /* CameraAlertController.swift */; };
		E83032A625E514EE00D772B9 /* Colors.swift in Sources */ = {isa = PBXBuildFile; fileRef = E83032A525E514EE00D772B9 /* Colors.swift */; };
		E83032AC25E539FB00D772B9 /* LocalizationKey.swift in Sources */ = {isa = PBXBuildFile; fileRef = E83032AB25E539FB00D772B9 /* LocalizationKey.swift */; };
		E84537E0263B9D5E00566E29 /* CameraAccessManager.swift in Sources */ = {isa = PBXBuildFile; fileRef = E84537DF263B9D5E00566E29 /* CameraAccessManager.swift */; };
		E84B3D432644F82200196D6D /* ParserMock.swift in Sources */ = {isa = PBXBuildFile; fileRef = E84B3D422644F82200196D6D /* ParserMock.swift */; };
		E84B3D452644F8D800196D6D /* NetworkTests.swift in Sources */ = {isa = PBXBuildFile; fileRef = E84B3D442644F8D800196D6D /* NetworkTests.swift */; };
		E84D428B26322B1B0034FA25 /* Parser.swift in Sources */ = {isa = PBXBuildFile; fileRef = E84D428A26322B1B0034FA25 /* Parser.swift */; };
		E84D429326322B7F0034FA25 /* IRequest.swift in Sources */ = {isa = PBXBuildFile; fileRef = E84D429226322B7F0034FA25 /* IRequest.swift */; };
		E84D429826322BC40034FA25 /* HTTPMethod.swift in Sources */ = {isa = PBXBuildFile; fileRef = E84D429726322BC40034FA25 /* HTTPMethod.swift */; };
		E84D429D26322CD50034FA25 /* NetworkManager.swift in Sources */ = {isa = PBXBuildFile; fileRef = E84D429C26322CD50034FA25 /* NetworkManager.swift */; };
		E84D42A326322DB20034FA25 /* RequestError.swift in Sources */ = {isa = PBXBuildFile; fileRef = E84D42A226322DB20034FA25 /* RequestError.swift */; };
		E84D42AB26322F360034FA25 /* DataParser.swift in Sources */ = {isa = PBXBuildFile; fileRef = E84D42AA26322F360034FA25 /* DataParser.swift */; };
		E84D42B126322FF70034FA25 /* PixabayResponse.swift in Sources */ = {isa = PBXBuildFile; fileRef = E84D42B026322FF70034FA25 /* PixabayResponse.swift */; };
		E84D8D6125EA422500345A2C /* ConversationListViewController.swift in Sources */ = {isa = PBXBuildFile; fileRef = E84D8D6025EA422500345A2C /* ConversationListViewController.swift */; };
		E84D8D6B25EA4D0C00345A2C /* ConversationCellModel.swift in Sources */ = {isa = PBXBuildFile; fileRef = E84D8D6A25EA4D0C00345A2C /* ConversationCellModel.swift */; };
		E84D8D8325EC51AF00345A2C /* ConversationTableViewCell.swift in Sources */ = {isa = PBXBuildFile; fileRef = E84D8D8225EC51AF00345A2C /* ConversationTableViewCell.swift */; };
		E84D8D9125ED916A00345A2C /* ConversationViewController.swift in Sources */ = {isa = PBXBuildFile; fileRef = E84D8D9025ED916A00345A2C /* ConversationViewController.swift */; };
		E84D8D9E25EDA14600345A2C /* MessageBubbleView.swift in Sources */ = {isa = PBXBuildFile; fileRef = E84D8D9D25EDA14600345A2C /* MessageBubbleView.swift */; };
		E84D8DAE25EEDB7A00345A2C /* MessageTableViewCell.swift in Sources */ = {isa = PBXBuildFile; fileRef = E84D8DAD25EEDB7A00345A2C /* MessageTableViewCell.swift */; };
		E84D8DB325EEE5A700345A2C /* MessageCellModel.swift in Sources */ = {isa = PBXBuildFile; fileRef = E84D8DB225EEE5A700345A2C /* MessageCellModel.swift */; };
		E84D8DC125F134D500345A2C /* String+Ext.swift in Sources */ = {isa = PBXBuildFile; fileRef = E84D8DC025F134D500345A2C /* String+Ext.swift */; };
		E84D8DDE25F1358900345A2C /* Localizable.strings in Resources */ = {isa = PBXBuildFile; fileRef = E84D8DE025F1358900345A2C /* Localizable.strings */; };
		E84D8DEB25F1422600345A2C /* Images.swift in Sources */ = {isa = PBXBuildFile; fileRef = E84D8DEA25F1422600345A2C /* Images.swift */; };
		E84D8DF325F145DC00345A2C /* ConversationListSectionModel.swift in Sources */ = {isa = PBXBuildFile; fileRef = E84D8DF225F145DC00345A2C /* ConversationListSectionModel.swift */; };
		E84D8DF825F1501900345A2C /* Date+Ext.swift in Sources */ = {isa = PBXBuildFile; fileRef = E84D8DF725F1501900345A2C /* Date+Ext.swift */; };
		E84D8DFD25F1890600345A2C /* User.swift in Sources */ = {isa = PBXBuildFile; fileRef = E84D8DFC25F1890600345A2C /* User.swift */; };
		E85072F92644C0E300DEB675 /* UserDataManagerTests.swift in Sources */ = {isa = PBXBuildFile; fileRef = E85072F82644C0E300DEB675 /* UserDataManagerTests.swift */; };
		E8769086260D3D7E006B13C0 /* UIImage+Ext.swift in Sources */ = {isa = PBXBuildFile; fileRef = E8769085260D3D7E006B13C0 /* UIImage+Ext.swift */; };
		E8769096260D3F6C006B13C0 /* GoogleService-Info.plist in Resources */ = {isa = PBXBuildFile; fileRef = E8769095260D3F6C006B13C0 /* GoogleService-Info.plist */; };
		E876909B260D400E006B13C0 /* Channel.swift in Sources */ = {isa = PBXBuildFile; fileRef = E876909A260D400E006B13C0 /* Channel.swift */; };
		E87690A5260D43E9006B13C0 /* Message.swift in Sources */ = {isa = PBXBuildFile; fileRef = E87690A4260D43E9006B13C0 /* Message.swift */; };
		E87690AD260D542E006B13C0 /* SendMessageView.swift in Sources */ = {isa = PBXBuildFile; fileRef = E87690AC260D542E006B13C0 /* SendMessageView.swift */; };
		E87690BE260D5E9E006B13C0 /* UserDataManager.swift in Sources */ = {isa = PBXBuildFile; fileRef = E87690BD260D5E9E006B13C0 /* UserDataManager.swift */; };
		E898768D263B51130070CE93 /* ShakeViewAnimation.swift in Sources */ = {isa = PBXBuildFile; fileRef = E898768C263B51130070CE93 /* ShakeViewAnimation.swift */; };
		E898768F263B70820070CE93 /* LogoEmitAnimation.swift in Sources */ = {isa = PBXBuildFile; fileRef = E898768E263B70820070CE93 /* LogoEmitAnimation.swift */; };
		E8987691263B71490070CE93 /* AnimatedUIWindow.swift in Sources */ = {isa = PBXBuildFile; fileRef = E8987690263B71490070CE93 /* AnimatedUIWindow.swift */; };
		E8987693263B92990070CE93 /* PresentTransitioningAnimation.swift in Sources */ = {isa = PBXBuildFile; fileRef = E8987692263B92990070CE93 /* PresentTransitioningAnimation.swift */; };
		E8987695263B94DF0070CE93 /* TransitionDelegate.swift in Sources */ = {isa = PBXBuildFile; fileRef = E8987694263B94DF0070CE93 /* TransitionDelegate.swift */; };
		E89A64AE2603F1D500A5734B /* UserViewModel.swift in Sources */ = {isa = PBXBuildFile; fileRef = E89A64AD2603F1D500A5734B /* UserViewModel.swift */; };
		E89A64B32603F27E00A5734B /* GCDProfileDataManager.swift in Sources */ = {isa = PBXBuildFile; fileRef = E89A64B22603F27E00A5734B /* GCDProfileDataManager.swift */; };
		E89A64B82603F38D00A5734B /* OperationProfileDataManager.swift in Sources */ = {isa = PBXBuildFile; fileRef = E89A64B72603F38D00A5734B /* OperationProfileDataManager.swift */; };
		E89A64BD260404A100A5734B /* IUserStorageManager.swift in Sources */ = {isa = PBXBuildFile; fileRef = E89A64BC260404A100A5734B /* IUserStorageManager.swift */; };
		E89A64C2260406C500A5734B /* TextViewDelegate.swift in Sources */ = {isa = PBXBuildFile; fileRef = E89A64C1260406C500A5734B /* TextViewDelegate.swift */; };
		E8AFB9E826178924007AB74D /* CoreDataManager.swift in Sources */ = {isa = PBXBuildFile; fileRef = E8AFB9E726178923007AB74D /* CoreDataManager.swift */; };
		E8AFBA812617A431007AB74D /* DBMessage+Init.swift in Sources */ = {isa = PBXBuildFile; fileRef = E8AFBA3026179D95007AB74D /* DBMessage+Init.swift */; };
		E8AFBA822617A431007AB74D /* DBChannel+Init.swift in Sources */ = {isa = PBXBuildFile; fileRef = E8AFBA3826179E1A007AB74D /* DBChannel+Init.swift */; };
		E8CB228625F925730085AABB /* UIWindow+Ext.swift in Sources */ = {isa = PBXBuildFile; fileRef = E8CB228525F925730085AABB /* UIWindow+Ext.swift */; };
		E8CB22A825FAC44F0085AABB /* Themes.swift in Sources */ = {isa = PBXBuildFile; fileRef = E8CB22A725FAC44F0085AABB /* Themes.swift */; };
		E8CB22B025FAC4CC0085AABB /* AppTheme.swift in Sources */ = {isa = PBXBuildFile; fileRef = E8CB22AF25FAC4CC0085AABB /* AppTheme.swift */; };
		E8CB22B925FAC8040085AABB /* ClassicTheme.swift in Sources */ = {isa = PBXBuildFile; fileRef = E8CB22B825FAC8040085AABB /* ClassicTheme.swift */; };
		E8CB22C125FACD770085AABB /* DayTheme.swift in Sources */ = {isa = PBXBuildFile; fileRef = E8CB22C025FACD770085AABB /* DayTheme.swift */; };
		E8CB22C625FACDED0085AABB /* NightTheme.swift in Sources */ = {isa = PBXBuildFile; fileRef = E8CB22C525FACDED0085AABB /* NightTheme.swift */; };
		E8CB22CB25FAE1A50085AABB /* RootNavigationViewController.swift in Sources */ = {isa = PBXBuildFile; fileRef = E8CB22CA25FAE1A50085AABB /* RootNavigationViewController.swift */; };
		E8E030DA25DECC5B0028B4DD /* AppDelegate.swift in Sources */ = {isa = PBXBuildFile; fileRef = E8E030D925DECC5B0028B4DD /* AppDelegate.swift */; };
		E8E030E425DECC5B0028B4DD /* ChatApp.xcdatamodeld in Sources */ = {isa = PBXBuildFile; fileRef = E8E030E225DECC5B0028B4DD /* ChatApp.xcdatamodeld */; };
		E8E030E625DECC5D0028B4DD /* Assets.xcassets in Resources */ = {isa = PBXBuildFile; fileRef = E8E030E525DECC5D0028B4DD /* Assets.xcassets */; };
		E8E030E925DECC5D0028B4DD /* LaunchScreen.storyboard in Resources */ = {isa = PBXBuildFile; fileRef = E8E030E725DECC5D0028B4DD /* LaunchScreen.storyboard */; };
		E8E0311A25DECF950028B4DD /* Logger.swift in Sources */ = {isa = PBXBuildFile; fileRef = E8E0311925DECF950028B4DD /* Logger.swift */; };
		E8E0312625DEDD4A0028B4DD /* UIApplicationState+Ext.swift in Sources */ = {isa = PBXBuildFile; fileRef = E8E0312525DEDD4A0028B4DD /* UIApplicationState+Ext.swift */; };
		E8E0312F25DF09940028B4DD /* Constants.swift in Sources */ = {isa = PBXBuildFile; fileRef = E8E0312E25DF09940028B4DD /* Constants.swift */; };
		E8E0E0F62632351A0078729A /* PixabayImageListRequest.swift in Sources */ = {isa = PBXBuildFile; fileRef = E8E0E0F52632351A0078729A /* PixabayImageListRequest.swift */; };
		E8E0E0FB263235A60078729A /* PixabayImageRequest.swift in Sources */ = {isa = PBXBuildFile; fileRef = E8E0E0FA263235A60078729A /* PixabayImageRequest.swift */; };
		E8E0E1002632382F0078729A /* PixabayService.swift in Sources */ = {isa = PBXBuildFile; fileRef = E8E0E0FF2632382F0078729A /* PixabayService.swift */; };
		E8E0E10C26323C1F0078729A /* PixabayImagePickerViewController.swift in Sources */ = {isa = PBXBuildFile; fileRef = E8E0E10B26323C1F0078729A /* PixabayImagePickerViewController.swift */; };
		E8E0E11426323CCE0078729A /* PixabayImagePickerCollectionViewCell.swift in Sources */ = {isa = PBXBuildFile; fileRef = E8E0E11326323CCE0078729A /* PixabayImagePickerCollectionViewCell.swift */; };
		E8E0E11F263241F60078729A /* PixabayImageCellModel.swift in Sources */ = {isa = PBXBuildFile; fileRef = E8E0E11E263241F60078729A /* PixabayImageCellModel.swift */; };
		E8E0E124263245170078729A /* PixabayImagePickerCollectionViewDataSource.swift in Sources */ = {isa = PBXBuildFile; fileRef = E8E0E123263245170078729A /* PixabayImagePickerCollectionViewDataSource.swift */; };
		E8E0E14B263257D70078729A /* PixabayImagePickerCollectionViewDelegate.swift in Sources */ = {isa = PBXBuildFile; fileRef = E8E0E14A263257D70078729A /* PixabayImagePickerCollectionViewDelegate.swift */; };
		E8E0E1502632585B0078729A /* AlertService.swift in Sources */ = {isa = PBXBuildFile; fileRef = E8E0E14F2632585B0078729A /* AlertService.swift */; };
		E8E0E181263366430078729A /* CloseButton.swift in Sources */ = {isa = PBXBuildFile; fileRef = E8E0E180263366430078729A /* CloseButton.swift */; };
		E8E0E18926337BDA0078729A /* UINavigationController+Ext.swift in Sources */ = {isa = PBXBuildFile; fileRef = E8E0E18826337BDA0078729A /* UINavigationController+Ext.swift */; };
		E8E0E19426345A780078729A /* ProfileFramePhotoView.swift in Sources */ = {isa = PBXBuildFile; fileRef = E8E0E19326345A780078729A /* ProfileFramePhotoView.swift */; };
		E8F7DD7526278D2300D48446 /* ConfigurableView.swift in Sources */ = {isa = PBXBuildFile; fileRef = E8F7DD7426278D2300D48446 /* ConfigurableView.swift */; };
		E8F7DDB02628D5C200D48446 /* CoreAssembly.swift in Sources */ = {isa = PBXBuildFile; fileRef = E8F7DDAF2628D5C200D48446 /* CoreAssembly.swift */; };
		E8F7DDBC2628D76F00D48446 /* MessagesService.swift in Sources */ = {isa = PBXBuildFile; fileRef = E8F7DDBB2628D76F00D48446 /* MessagesService.swift */; };
		E8F7DDC42628D77A00D48446 /* ChannelsService.swift in Sources */ = {isa = PBXBuildFile; fileRef = E8F7DDC32628D77A00D48446 /* ChannelsService.swift */; };
		E8F7DDCC2628E53500D48446 /* ServicesAssembly.swift in Sources */ = {isa = PBXBuildFile; fileRef = E8F7DDCB2628E53500D48446 /* ServicesAssembly.swift */; };
		E8F7DDDA2628F99400D48446 /* PresentationAssembly.swift in Sources */ = {isa = PBXBuildFile; fileRef = E8F7DDD92628F99400D48446 /* PresentationAssembly.swift */; };
		E8F7DDDF2628FD0700D48446 /* RootAssembly.swift in Sources */ = {isa = PBXBuildFile; fileRef = E8F7DDDE2628FD0700D48446 /* RootAssembly.swift */; };
		E8F7DDEA2629053F00D48446 /* DBChannel+CoreDataProperties.swift in Sources */ = {isa = PBXBuildFile; fileRef = E8F7DDE62629053E00D48446 /* DBChannel+CoreDataProperties.swift */; };
		E8F7DDEB2629053F00D48446 /* DBChannel+CoreDataClass.swift in Sources */ = {isa = PBXBuildFile; fileRef = E8F7DDE72629053E00D48446 /* DBChannel+CoreDataClass.swift */; };
		E8F7DDEC2629053F00D48446 /* DBMessage+CoreDataProperties.swift in Sources */ = {isa = PBXBuildFile; fileRef = E8F7DDE82629053E00D48446 /* DBMessage+CoreDataProperties.swift */; };
		E8F7DDED2629053F00D48446 /* DBMessage+CoreDataClass.swift in Sources */ = {isa = PBXBuildFile; fileRef = E8F7DDE92629053E00D48446 /* DBMessage+CoreDataClass.swift */; };
		E8F7DDF5262916F800D48446 /* FRCDelegate.swift in Sources */ = {isa = PBXBuildFile; fileRef = E8F7DDF4262916F800D48446 /* FRCDelegate.swift */; };
		E8F7DDFD262919E800D48446 /* ConversationListTableViewDataSourceDelegate.swift in Sources */ = {isa = PBXBuildFile; fileRef = E8F7DDFC262919E800D48446 /* ConversationListTableViewDataSourceDelegate.swift */; };
		E8F7DE0226291F6600D48446 /* ConversationTableViewDataSource.swift in Sources */ = {isa = PBXBuildFile; fileRef = E8F7DE0126291F6600D48446 /* ConversationTableViewDataSource.swift */; };
/* End PBXBuildFile section */

/* Begin PBXContainerItemProxy section */
		E8E030F025DECC5E0028B4DD /* PBXContainerItemProxy */ = {
			isa = PBXContainerItemProxy;
			containerPortal = E8E030CE25DECC5B0028B4DD /* Project object */;
			proxyType = 1;
			remoteGlobalIDString = E8E030D525DECC5B0028B4DD;
			remoteInfo = ChatApp;
		};
		E8E030FB25DECC5E0028B4DD /* PBXContainerItemProxy */ = {
			isa = PBXContainerItemProxy;
			containerPortal = E8E030CE25DECC5B0028B4DD /* Project object */;
			proxyType = 1;
			remoteGlobalIDString = E8E030D525DECC5B0028B4DD;
			remoteInfo = ChatApp;
		};
/* End PBXContainerItemProxy section */

/* Begin PBXFileReference section */
		11A6FF32C9A34BAD958F059B /* Pods_ChatAppUITests.framework */ = {isa = PBXFileReference; explicitFileType = wrapper.framework; includeInIndex = 0; path = Pods_ChatAppUITests.framework; sourceTree = BUILT_PRODUCTS_DIR; };
		41C6FCB432CDA20DB9DF2265 /* Pods-ChatApp.debug.xcconfig */ = {isa = PBXFileReference; includeInIndex = 1; lastKnownFileType = text.xcconfig; name = "Pods-ChatApp.debug.xcconfig"; path = "Target Support Files/Pods-ChatApp/Pods-ChatApp.debug.xcconfig"; sourceTree = "<group>"; };
		698C000A82475AAB6CD59F59 /* Pods_ChatAppTests.framework */ = {isa = PBXFileReference; explicitFileType = wrapper.framework; includeInIndex = 0; path = Pods_ChatAppTests.framework; sourceTree = BUILT_PRODUCTS_DIR; };
		75AF4B81FA2E993F08B4BC2F /* Pods-ChatAppTests.debug.xcconfig */ = {isa = PBXFileReference; includeInIndex = 1; lastKnownFileType = text.xcconfig; name = "Pods-ChatAppTests.debug.xcconfig"; path = "Target Support Files/Pods-ChatAppTests/Pods-ChatAppTests.debug.xcconfig"; sourceTree = "<group>"; };
		8EBC7FE655500586B73D0526 /* Pods_ChatApp.framework */ = {isa = PBXFileReference; explicitFileType = wrapper.framework; includeInIndex = 0; path = Pods_ChatApp.framework; sourceTree = BUILT_PRODUCTS_DIR; };
		9AF327C2354AA0B79D3D3BC7 /* Pods-ChatAppUITests.release.xcconfig */ = {isa = PBXFileReference; includeInIndex = 1; lastKnownFileType = text.xcconfig; name = "Pods-ChatAppUITests.release.xcconfig"; path = "Target Support Files/Pods-ChatAppUITests/Pods-ChatAppUITests.release.xcconfig"; sourceTree = "<group>"; };
		A51377C2243EA057950C09AD /* Pods-ChatAppUITests.debug.xcconfig */ = {isa = PBXFileReference; includeInIndex = 1; lastKnownFileType = text.xcconfig; name = "Pods-ChatAppUITests.debug.xcconfig"; path = "Target Support Files/Pods-ChatAppUITests/Pods-ChatAppUITests.debug.xcconfig"; sourceTree = "<group>"; };
		AC2D960DBED5F4BF3A5DB96B /* Pods-ChatApp.release.xcconfig */ = {isa = PBXFileReference; includeInIndex = 1; lastKnownFileType = text.xcconfig; name = "Pods-ChatApp.release.xcconfig"; path = "Target Support Files/Pods-ChatApp/Pods-ChatApp.release.xcconfig"; sourceTree = "<group>"; };
		E808358626432EBB00EF7F9B /* ProfileUITests.swift */ = {isa = PBXFileReference; lastKnownFileType = sourcecode.swift; path = ProfileUITests.swift; sourceTree = "<group>"; };
		E808358826432ECB00EF7F9B /* ChatAppTests.swift */ = {isa = PBXFileReference; lastKnownFileType = sourcecode.swift; path = ChatAppTests.swift; sourceTree = "<group>"; };
		E80BFB3825F7D83D0070B8EF /* ThemesViewController.swift */ = {isa = PBXFileReference; lastKnownFileType = sourcecode.swift; path = ThemesViewController.swift; sourceTree = "<group>"; };
		E80BFB3D25F7D9450070B8EF /* ThemeView.swift */ = {isa = PBXFileReference; lastKnownFileType = sourcecode.swift; path = ThemeView.swift; sourceTree = "<group>"; };
		E818D5DC2600BC7E001AB36E /* FileManagement.swift */ = {isa = PBXFileReference; lastKnownFileType = sourcecode.swift; path = FileManagement.swift; sourceTree = "<group>"; };
		E82990042644B6CE00D0C7E3 /* UserStorageManagerMock.swift */ = {isa = PBXFileReference; lastKnownFileType = sourcecode.swift; path = UserStorageManagerMock.swift; sourceTree = "<group>"; };
		E82990072644BC0600D0C7E3 /* UserDataManagerMock.swift */ = {isa = PBXFileReference; lastKnownFileType = sourcecode.swift; path = UserDataManagerMock.swift; sourceTree = "<group>"; };
		E830324525E1D7D800D772B9 /* ProfileViewController.swift */ = {isa = PBXFileReference; lastKnownFileType = sourcecode.swift; path = ProfileViewController.swift; sourceTree = "<group>"; };
		E830324C25E1D9C500D772B9 /* ActionButton.swift */ = {isa = PBXFileReference; lastKnownFileType = sourcecode.swift; path = ActionButton.swift; sourceTree = "<group>"; };
		E830325425E1E82600D772B9 /* UIColor+Ext.swift */ = {isa = PBXFileReference; lastKnownFileType = sourcecode.swift; path = "UIColor+Ext.swift"; sourceTree = "<group>"; };
		E830325925E28BD100D772B9 /* ProfilePhotoView.swift */ = {isa = PBXFileReference; lastKnownFileType = sourcecode.swift; path = ProfilePhotoView.swift; sourceTree = "<group>"; };
		E830326125E2939300D772B9 /* HapticFeedback.swift */ = {isa = PBXFileReference; lastKnownFileType = sourcecode.swift; path = HapticFeedback.swift; sourceTree = "<group>"; };
		E830326B25E2961900D772B9 /* UIAlertViewController+Ext.swift */ = {isa = PBXFileReference; lastKnownFileType = sourcecode.swift; path = "UIAlertViewController+Ext.swift"; sourceTree = "<group>"; };
		E83032A025E5131D00D772B9 /* CameraAlertController.swift */ = {isa = PBXFileReference; lastKnownFileType = sourcecode.swift; path = CameraAlertController.swift; sourceTree = "<group>"; };
		E83032A525E514EE00D772B9 /* Colors.swift */ = {isa = PBXFileReference; lastKnownFileType = sourcecode.swift; path = Colors.swift; sourceTree = "<group>"; };
		E83032AB25E539FB00D772B9 /* LocalizationKey.swift */ = {isa = PBXFileReference; lastKnownFileType = sourcecode.swift; path = LocalizationKey.swift; sourceTree = "<group>"; };
		E84537DF263B9D5E00566E29 /* CameraAccessManager.swift */ = {isa = PBXFileReference; lastKnownFileType = sourcecode.swift; path = CameraAccessManager.swift; sourceTree = "<group>"; };
		E84B3D412644F7A000196D6D /* PixabayImageList.json */ = {isa = PBXFileReference; lastKnownFileType = text.json; path = PixabayImageList.json; sourceTree = "<group>"; };
		E84B3D422644F82200196D6D /* ParserMock.swift */ = {isa = PBXFileReference; lastKnownFileType = sourcecode.swift; path = ParserMock.swift; sourceTree = "<group>"; };
		E84B3D442644F8D800196D6D /* NetworkTests.swift */ = {isa = PBXFileReference; lastKnownFileType = sourcecode.swift; path = NetworkTests.swift; sourceTree = "<group>"; };
		E84D428A26322B1B0034FA25 /* Parser.swift */ = {isa = PBXFileReference; lastKnownFileType = sourcecode.swift; path = Parser.swift; sourceTree = "<group>"; };
		E84D429226322B7F0034FA25 /* IRequest.swift */ = {isa = PBXFileReference; lastKnownFileType = sourcecode.swift; path = IRequest.swift; sourceTree = "<group>"; };
		E84D429726322BC40034FA25 /* HTTPMethod.swift */ = {isa = PBXFileReference; lastKnownFileType = sourcecode.swift; path = HTTPMethod.swift; sourceTree = "<group>"; };
		E84D429C26322CD50034FA25 /* NetworkManager.swift */ = {isa = PBXFileReference; lastKnownFileType = sourcecode.swift; path = NetworkManager.swift; sourceTree = "<group>"; };
		E84D42A226322DB20034FA25 /* RequestError.swift */ = {isa = PBXFileReference; lastKnownFileType = sourcecode.swift; path = RequestError.swift; sourceTree = "<group>"; };
		E84D42AA26322F360034FA25 /* DataParser.swift */ = {isa = PBXFileReference; lastKnownFileType = sourcecode.swift; path = DataParser.swift; sourceTree = "<group>"; };
		E84D42B026322FF70034FA25 /* PixabayResponse.swift */ = {isa = PBXFileReference; lastKnownFileType = sourcecode.swift; path = PixabayResponse.swift; sourceTree = "<group>"; };
		E84D8D6025EA422500345A2C /* ConversationListViewController.swift */ = {isa = PBXFileReference; lastKnownFileType = sourcecode.swift; path = ConversationListViewController.swift; sourceTree = "<group>"; };
		E84D8D6A25EA4D0C00345A2C /* ConversationCellModel.swift */ = {isa = PBXFileReference; lastKnownFileType = sourcecode.swift; path = ConversationCellModel.swift; sourceTree = "<group>"; };
		E84D8D8225EC51AF00345A2C /* ConversationTableViewCell.swift */ = {isa = PBXFileReference; lastKnownFileType = sourcecode.swift; path = ConversationTableViewCell.swift; sourceTree = "<group>"; };
		E84D8D9025ED916A00345A2C /* ConversationViewController.swift */ = {isa = PBXFileReference; lastKnownFileType = sourcecode.swift; path = ConversationViewController.swift; sourceTree = "<group>"; };
		E84D8D9D25EDA14600345A2C /* MessageBubbleView.swift */ = {isa = PBXFileReference; lastKnownFileType = sourcecode.swift; path = MessageBubbleView.swift; sourceTree = "<group>"; };
		E84D8DAD25EEDB7A00345A2C /* MessageTableViewCell.swift */ = {isa = PBXFileReference; lastKnownFileType = sourcecode.swift; path = MessageTableViewCell.swift; sourceTree = "<group>"; };
		E84D8DB225EEE5A700345A2C /* MessageCellModel.swift */ = {isa = PBXFileReference; lastKnownFileType = sourcecode.swift; path = MessageCellModel.swift; sourceTree = "<group>"; };
		E84D8DC025F134D500345A2C /* String+Ext.swift */ = {isa = PBXFileReference; lastKnownFileType = sourcecode.swift; path = "String+Ext.swift"; sourceTree = "<group>"; };
		E84D8DDA25F1356500345A2C /* ru */ = {isa = PBXFileReference; lastKnownFileType = text.plist.strings; name = ru; path = ru.lproj/LaunchScreen.strings; sourceTree = "<group>"; };
		E84D8DDF25F1358900345A2C /* en */ = {isa = PBXFileReference; lastKnownFileType = text.plist.strings; name = en; path = en.lproj/Localizable.strings; sourceTree = "<group>"; };
		E84D8DE425F1358D00345A2C /* ru */ = {isa = PBXFileReference; lastKnownFileType = text.plist.strings; name = ru; path = ru.lproj/Localizable.strings; sourceTree = "<group>"; };
		E84D8DEA25F1422600345A2C /* Images.swift */ = {isa = PBXFileReference; lastKnownFileType = sourcecode.swift; path = Images.swift; sourceTree = "<group>"; };
		E84D8DF225F145DC00345A2C /* ConversationListSectionModel.swift */ = {isa = PBXFileReference; lastKnownFileType = sourcecode.swift; path = ConversationListSectionModel.swift; sourceTree = "<group>"; };
		E84D8DF725F1501900345A2C /* Date+Ext.swift */ = {isa = PBXFileReference; lastKnownFileType = sourcecode.swift; path = "Date+Ext.swift"; sourceTree = "<group>"; };
		E84D8DFC25F1890600345A2C /* User.swift */ = {isa = PBXFileReference; lastKnownFileType = sourcecode.swift; path = User.swift; sourceTree = "<group>"; };
		E85072F82644C0E300DEB675 /* UserDataManagerTests.swift */ = {isa = PBXFileReference; lastKnownFileType = sourcecode.swift; path = UserDataManagerTests.swift; sourceTree = "<group>"; };
		E8769085260D3D7E006B13C0 /* UIImage+Ext.swift */ = {isa = PBXFileReference; lastKnownFileType = sourcecode.swift; path = "UIImage+Ext.swift"; sourceTree = "<group>"; };
		E8769095260D3F6C006B13C0 /* GoogleService-Info.plist */ = {isa = PBXFileReference; fileEncoding = 4; lastKnownFileType = text.plist.xml; path = "GoogleService-Info.plist"; sourceTree = "<group>"; };
		E876909A260D400E006B13C0 /* Channel.swift */ = {isa = PBXFileReference; lastKnownFileType = sourcecode.swift; path = Channel.swift; sourceTree = "<group>"; };
		E87690A4260D43E9006B13C0 /* Message.swift */ = {isa = PBXFileReference; lastKnownFileType = sourcecode.swift; path = Message.swift; sourceTree = "<group>"; };
		E87690AC260D542E006B13C0 /* SendMessageView.swift */ = {isa = PBXFileReference; lastKnownFileType = sourcecode.swift; path = SendMessageView.swift; sourceTree = "<group>"; };
		E87690BD260D5E9E006B13C0 /* UserDataManager.swift */ = {isa = PBXFileReference; lastKnownFileType = sourcecode.swift; path = UserDataManager.swift; sourceTree = "<group>"; };
		E898768C263B51130070CE93 /* ShakeViewAnimation.swift */ = {isa = PBXFileReference; lastKnownFileType = sourcecode.swift; path = ShakeViewAnimation.swift; sourceTree = "<group>"; };
		E898768E263B70820070CE93 /* LogoEmitAnimation.swift */ = {isa = PBXFileReference; lastKnownFileType = sourcecode.swift; path = LogoEmitAnimation.swift; sourceTree = "<group>"; };
		E8987690263B71490070CE93 /* AnimatedUIWindow.swift */ = {isa = PBXFileReference; lastKnownFileType = sourcecode.swift; path = AnimatedUIWindow.swift; sourceTree = "<group>"; };
		E8987692263B92990070CE93 /* PresentTransitioningAnimation.swift */ = {isa = PBXFileReference; lastKnownFileType = sourcecode.swift; path = PresentTransitioningAnimation.swift; sourceTree = "<group>"; };
		E8987694263B94DF0070CE93 /* TransitionDelegate.swift */ = {isa = PBXFileReference; lastKnownFileType = sourcecode.swift; path = TransitionDelegate.swift; sourceTree = "<group>"; };
		E89A64AD2603F1D500A5734B /* UserViewModel.swift */ = {isa = PBXFileReference; lastKnownFileType = sourcecode.swift; path = UserViewModel.swift; sourceTree = "<group>"; };
		E89A64B22603F27E00A5734B /* GCDProfileDataManager.swift */ = {isa = PBXFileReference; lastKnownFileType = sourcecode.swift; path = GCDProfileDataManager.swift; sourceTree = "<group>"; };
		E89A64B72603F38D00A5734B /* OperationProfileDataManager.swift */ = {isa = PBXFileReference; lastKnownFileType = sourcecode.swift; path = OperationProfileDataManager.swift; sourceTree = "<group>"; };
		E89A64BC260404A100A5734B /* IUserStorageManager.swift */ = {isa = PBXFileReference; lastKnownFileType = sourcecode.swift; path = IUserStorageManager.swift; sourceTree = "<group>"; };
		E89A64C1260406C500A5734B /* TextViewDelegate.swift */ = {isa = PBXFileReference; lastKnownFileType = sourcecode.swift; path = TextViewDelegate.swift; sourceTree = "<group>"; };
		E8AFB9E726178923007AB74D /* CoreDataManager.swift */ = {isa = PBXFileReference; lastKnownFileType = sourcecode.swift; path = CoreDataManager.swift; sourceTree = "<group>"; };
		E8AFBA3026179D95007AB74D /* DBMessage+Init.swift */ = {isa = PBXFileReference; lastKnownFileType = sourcecode.swift; path = "DBMessage+Init.swift"; sourceTree = "<group>"; };
		E8AFBA3826179E1A007AB74D /* DBChannel+Init.swift */ = {isa = PBXFileReference; lastKnownFileType = sourcecode.swift; path = "DBChannel+Init.swift"; sourceTree = "<group>"; };
		E8CB228525F925730085AABB /* UIWindow+Ext.swift */ = {isa = PBXFileReference; lastKnownFileType = sourcecode.swift; path = "UIWindow+Ext.swift"; sourceTree = "<group>"; };
		E8CB22A725FAC44F0085AABB /* Themes.swift */ = {isa = PBXFileReference; lastKnownFileType = sourcecode.swift; path = Themes.swift; sourceTree = "<group>"; };
		E8CB22AF25FAC4CC0085AABB /* AppTheme.swift */ = {isa = PBXFileReference; lastKnownFileType = sourcecode.swift; path = AppTheme.swift; sourceTree = "<group>"; };
		E8CB22B825FAC8040085AABB /* ClassicTheme.swift */ = {isa = PBXFileReference; lastKnownFileType = sourcecode.swift; path = ClassicTheme.swift; sourceTree = "<group>"; };
		E8CB22C025FACD770085AABB /* DayTheme.swift */ = {isa = PBXFileReference; lastKnownFileType = sourcecode.swift; path = DayTheme.swift; sourceTree = "<group>"; };
		E8CB22C525FACDED0085AABB /* NightTheme.swift */ = {isa = PBXFileReference; lastKnownFileType = sourcecode.swift; path = NightTheme.swift; sourceTree = "<group>"; };
		E8CB22CA25FAE1A50085AABB /* RootNavigationViewController.swift */ = {isa = PBXFileReference; lastKnownFileType = sourcecode.swift; path = RootNavigationViewController.swift; sourceTree = "<group>"; };
		E8E030D625DECC5B0028B4DD /* ChatApp.app */ = {isa = PBXFileReference; explicitFileType = wrapper.application; includeInIndex = 0; path = ChatApp.app; sourceTree = BUILT_PRODUCTS_DIR; };
		E8E030D925DECC5B0028B4DD /* AppDelegate.swift */ = {isa = PBXFileReference; lastKnownFileType = sourcecode.swift; path = AppDelegate.swift; sourceTree = "<group>"; };
		E8E030E325DECC5B0028B4DD /* ChatApp.xcdatamodel */ = {isa = PBXFileReference; lastKnownFileType = wrapper.xcdatamodel; path = ChatApp.xcdatamodel; sourceTree = "<group>"; };
		E8E030E525DECC5D0028B4DD /* Assets.xcassets */ = {isa = PBXFileReference; lastKnownFileType = folder.assetcatalog; path = Assets.xcassets; sourceTree = "<group>"; };
		E8E030E825DECC5D0028B4DD /* Base */ = {isa = PBXFileReference; lastKnownFileType = file.storyboard; name = Base; path = Base.lproj/LaunchScreen.storyboard; sourceTree = "<group>"; };
		E8E030EA25DECC5D0028B4DD /* Info.plist */ = {isa = PBXFileReference; lastKnownFileType = text.plist.xml; path = Info.plist; sourceTree = "<group>"; };
		E8E030EF25DECC5E0028B4DD /* ChatAppTests.xctest */ = {isa = PBXFileReference; explicitFileType = wrapper.cfbundle; includeInIndex = 0; path = ChatAppTests.xctest; sourceTree = BUILT_PRODUCTS_DIR; };
		E8E030F525DECC5E0028B4DD /* Info.plist */ = {isa = PBXFileReference; lastKnownFileType = text.plist.xml; path = Info.plist; sourceTree = "<group>"; };
		E8E030FA25DECC5E0028B4DD /* ChatAppUITests.xctest */ = {isa = PBXFileReference; explicitFileType = wrapper.cfbundle; includeInIndex = 0; path = ChatAppUITests.xctest; sourceTree = BUILT_PRODUCTS_DIR; };
		E8E0310025DECC5E0028B4DD /* Info.plist */ = {isa = PBXFileReference; lastKnownFileType = text.plist.xml; path = Info.plist; sourceTree = "<group>"; };
		E8E0311925DECF950028B4DD /* Logger.swift */ = {isa = PBXFileReference; lastKnownFileType = sourcecode.swift; path = Logger.swift; sourceTree = "<group>"; };
		E8E0312525DEDD4A0028B4DD /* UIApplicationState+Ext.swift */ = {isa = PBXFileReference; lastKnownFileType = sourcecode.swift; path = "UIApplicationState+Ext.swift"; sourceTree = "<group>"; };
		E8E0312E25DF09940028B4DD /* Constants.swift */ = {isa = PBXFileReference; lastKnownFileType = sourcecode.swift; path = Constants.swift; sourceTree = "<group>"; };
		E8E0E0F52632351A0078729A /* PixabayImageListRequest.swift */ = {isa = PBXFileReference; lastKnownFileType = sourcecode.swift; path = PixabayImageListRequest.swift; sourceTree = "<group>"; };
		E8E0E0FA263235A60078729A /* PixabayImageRequest.swift */ = {isa = PBXFileReference; lastKnownFileType = sourcecode.swift; path = PixabayImageRequest.swift; sourceTree = "<group>"; };
		E8E0E0FF2632382F0078729A /* PixabayService.swift */ = {isa = PBXFileReference; lastKnownFileType = sourcecode.swift; path = PixabayService.swift; sourceTree = "<group>"; };
		E8E0E10B26323C1F0078729A /* PixabayImagePickerViewController.swift */ = {isa = PBXFileReference; lastKnownFileType = sourcecode.swift; path = PixabayImagePickerViewController.swift; sourceTree = "<group>"; };
		E8E0E11326323CCE0078729A /* PixabayImagePickerCollectionViewCell.swift */ = {isa = PBXFileReference; lastKnownFileType = sourcecode.swift; path = PixabayImagePickerCollectionViewCell.swift; sourceTree = "<group>"; };
		E8E0E11E263241F60078729A /* PixabayImageCellModel.swift */ = {isa = PBXFileReference; lastKnownFileType = sourcecode.swift; path = PixabayImageCellModel.swift; sourceTree = "<group>"; };
		E8E0E123263245170078729A /* PixabayImagePickerCollectionViewDataSource.swift */ = {isa = PBXFileReference; lastKnownFileType = sourcecode.swift; path = PixabayImagePickerCollectionViewDataSource.swift; sourceTree = "<group>"; };
		E8E0E14A263257D70078729A /* PixabayImagePickerCollectionViewDelegate.swift */ = {isa = PBXFileReference; lastKnownFileType = sourcecode.swift; path = PixabayImagePickerCollectionViewDelegate.swift; sourceTree = "<group>"; };
		E8E0E14F2632585B0078729A /* AlertService.swift */ = {isa = PBXFileReference; lastKnownFileType = sourcecode.swift; path = AlertService.swift; sourceTree = "<group>"; };
		E8E0E180263366430078729A /* CloseButton.swift */ = {isa = PBXFileReference; lastKnownFileType = sourcecode.swift; path = CloseButton.swift; sourceTree = "<group>"; };
		E8E0E18826337BDA0078729A /* UINavigationController+Ext.swift */ = {isa = PBXFileReference; lastKnownFileType = sourcecode.swift; path = "UINavigationController+Ext.swift"; sourceTree = "<group>"; };
		E8E0E19326345A780078729A /* ProfileFramePhotoView.swift */ = {isa = PBXFileReference; lastKnownFileType = sourcecode.swift; path = ProfileFramePhotoView.swift; sourceTree = "<group>"; };
		E8F7DD7426278D2300D48446 /* ConfigurableView.swift */ = {isa = PBXFileReference; lastKnownFileType = sourcecode.swift; path = ConfigurableView.swift; sourceTree = "<group>"; };
		E8F7DDAF2628D5C200D48446 /* CoreAssembly.swift */ = {isa = PBXFileReference; lastKnownFileType = sourcecode.swift; path = CoreAssembly.swift; sourceTree = "<group>"; };
		E8F7DDBB2628D76F00D48446 /* MessagesService.swift */ = {isa = PBXFileReference; lastKnownFileType = sourcecode.swift; path = MessagesService.swift; sourceTree = "<group>"; };
		E8F7DDC32628D77A00D48446 /* ChannelsService.swift */ = {isa = PBXFileReference; lastKnownFileType = sourcecode.swift; path = ChannelsService.swift; sourceTree = "<group>"; };
		E8F7DDCB2628E53500D48446 /* ServicesAssembly.swift */ = {isa = PBXFileReference; lastKnownFileType = sourcecode.swift; path = ServicesAssembly.swift; sourceTree = "<group>"; };
		E8F7DDD92628F99400D48446 /* PresentationAssembly.swift */ = {isa = PBXFileReference; lastKnownFileType = sourcecode.swift; path = PresentationAssembly.swift; sourceTree = "<group>"; };
		E8F7DDDE2628FD0700D48446 /* RootAssembly.swift */ = {isa = PBXFileReference; lastKnownFileType = sourcecode.swift; path = RootAssembly.swift; sourceTree = "<group>"; };
		E8F7DDE62629053E00D48446 /* DBChannel+CoreDataProperties.swift */ = {isa = PBXFileReference; fileEncoding = 4; lastKnownFileType = sourcecode.swift; path = "DBChannel+CoreDataProperties.swift"; sourceTree = "<group>"; };
		E8F7DDE72629053E00D48446 /* DBChannel+CoreDataClass.swift */ = {isa = PBXFileReference; fileEncoding = 4; lastKnownFileType = sourcecode.swift; path = "DBChannel+CoreDataClass.swift"; sourceTree = "<group>"; };
		E8F7DDE82629053E00D48446 /* DBMessage+CoreDataProperties.swift */ = {isa = PBXFileReference; fileEncoding = 4; lastKnownFileType = sourcecode.swift; path = "DBMessage+CoreDataProperties.swift"; sourceTree = "<group>"; };
		E8F7DDE92629053E00D48446 /* DBMessage+CoreDataClass.swift */ = {isa = PBXFileReference; fileEncoding = 4; lastKnownFileType = sourcecode.swift; path = "DBMessage+CoreDataClass.swift"; sourceTree = "<group>"; };
		E8F7DDF4262916F800D48446 /* FRCDelegate.swift */ = {isa = PBXFileReference; lastKnownFileType = sourcecode.swift; path = FRCDelegate.swift; sourceTree = "<group>"; };
		E8F7DDFC262919E800D48446 /* ConversationListTableViewDataSourceDelegate.swift */ = {isa = PBXFileReference; lastKnownFileType = sourcecode.swift; path = ConversationListTableViewDataSourceDelegate.swift; sourceTree = "<group>"; };
		E8F7DE0126291F6600D48446 /* ConversationTableViewDataSource.swift */ = {isa = PBXFileReference; lastKnownFileType = sourcecode.swift; path = ConversationTableViewDataSource.swift; sourceTree = "<group>"; };
		F932AB31BD49C5149657538A /* Pods-ChatAppTests.release.xcconfig */ = {isa = PBXFileReference; includeInIndex = 1; lastKnownFileType = text.xcconfig; name = "Pods-ChatAppTests.release.xcconfig"; path = "Target Support Files/Pods-ChatAppTests/Pods-ChatAppTests.release.xcconfig"; sourceTree = "<group>"; };
/* End PBXFileReference section */

/* Begin PBXFrameworksBuildPhase section */
		E8E030D325DECC5B0028B4DD /* Frameworks */ = {
			isa = PBXFrameworksBuildPhase;
			buildActionMask = 2147483647;
			files = (
				41B2DEF7409F7A653D3821AA /* Pods_ChatApp.framework in Frameworks */,
			);
			runOnlyForDeploymentPostprocessing = 0;
		};
		E8E030EC25DECC5E0028B4DD /* Frameworks */ = {
			isa = PBXFrameworksBuildPhase;
			buildActionMask = 2147483647;
			files = (
				1EA3EE143E32A791A1BCAA13 /* Pods_ChatAppTests.framework in Frameworks */,
			);
			runOnlyForDeploymentPostprocessing = 0;
		};
		E8E030F725DECC5E0028B4DD /* Frameworks */ = {
			isa = PBXFrameworksBuildPhase;
			buildActionMask = 2147483647;
			files = (
				36A90B2C1725CC65487A9079 /* Pods_ChatAppUITests.framework in Frameworks */,
			);
			runOnlyForDeploymentPostprocessing = 0;
		};
/* End PBXFrameworksBuildPhase section */

/* Begin PBXGroup section */
		32B2963C58DF0789AA615808 /* Pods */ = {
			isa = PBXGroup;
			children = (
				41C6FCB432CDA20DB9DF2265 /* Pods-ChatApp.debug.xcconfig */,
				AC2D960DBED5F4BF3A5DB96B /* Pods-ChatApp.release.xcconfig */,
				75AF4B81FA2E993F08B4BC2F /* Pods-ChatAppTests.debug.xcconfig */,
				F932AB31BD49C5149657538A /* Pods-ChatAppTests.release.xcconfig */,
				A51377C2243EA057950C09AD /* Pods-ChatAppUITests.debug.xcconfig */,
				9AF327C2354AA0B79D3D3BC7 /* Pods-ChatAppUITests.release.xcconfig */,
			);
			path = Pods;
			sourceTree = "<group>";
		};
		E82990032644B6A600D0C7E3 /* Mocks */ = {
			isa = PBXGroup;
			children = (
				E82990062644BBEA00D0C7E3 /* Profile */,
				E84B3D422644F82200196D6D /* ParserMock.swift */,
			);
			path = Mocks;
			sourceTree = "<group>";
		};
		E82990062644BBEA00D0C7E3 /* Profile */ = {
			isa = PBXGroup;
			children = (
				E82990042644B6CE00D0C7E3 /* UserStorageManagerMock.swift */,
				E82990072644BC0600D0C7E3 /* UserDataManagerMock.swift */,
			);
			path = Profile;
			sourceTree = "<group>";
		};
		E84537CB263B990E00566E29 /* Transition */ = {
			isa = PBXGroup;
			children = (
				E8987692263B92990070CE93 /* PresentTransitioningAnimation.swift */,
				E8987694263B94DF0070CE93 /* TransitionDelegate.swift */,
			);
			path = Transition;
			sourceTree = "<group>";
		};
		E84B3D402644F78400196D6D /* JSON */ = {
			isa = PBXGroup;
			children = (
				E84B3D412644F7A000196D6D /* PixabayImageList.json */,
			);
			path = JSON;
			sourceTree = "<group>";
		};
		E84D428726322A2C0034FA25 /* Network */ = {
			isa = PBXGroup;
			children = (
				E84D42AF26322F6D0034FA25 /* Model */,
				E84D428926322B000034FA25 /* Request */,
				E84D428826322AFA0034FA25 /* Parser */,
				E84D42A226322DB20034FA25 /* RequestError.swift */,
			);
			path = Network;
			sourceTree = "<group>";
		};
		E84D428826322AFA0034FA25 /* Parser */ = {
			isa = PBXGroup;
			children = (
				E84D428A26322B1B0034FA25 /* Parser.swift */,
				E84D42AA26322F360034FA25 /* DataParser.swift */,
			);
			path = Parser;
			sourceTree = "<group>";
		};
		E84D428926322B000034FA25 /* Request */ = {
			isa = PBXGroup;
			children = (
				E84D429226322B7F0034FA25 /* IRequest.swift */,
				E84D429726322BC40034FA25 /* HTTPMethod.swift */,
				E8E0E0F52632351A0078729A /* PixabayImageListRequest.swift */,
				E8E0E0FA263235A60078729A /* PixabayImageRequest.swift */,
			);
			path = Request;
			sourceTree = "<group>";
		};
		E84D42AF26322F6D0034FA25 /* Model */ = {
			isa = PBXGroup;
			children = (
				E84D42B026322FF70034FA25 /* PixabayResponse.swift */,
			);
			path = Model;
			sourceTree = "<group>";
		};
		E898768B263B50B90070CE93 /* Animation */ = {
			isa = PBXGroup;
			children = (
				E84537CB263B990E00566E29 /* Transition */,
				E898768C263B51130070CE93 /* ShakeViewAnimation.swift */,
				E898768E263B70820070CE93 /* LogoEmitAnimation.swift */,
				E8987690263B71490070CE93 /* AnimatedUIWindow.swift */,
			);
			path = Animation;
			sourceTree = "<group>";
		};
		E8AFBA2F26179D79007AB74D /* InitEntity */ = {
			isa = PBXGroup;
			children = (
				E8AFBA3026179D95007AB74D /* DBMessage+Init.swift */,
				E8AFBA3826179E1A007AB74D /* DBChannel+Init.swift */,
			);
			path = InitEntity;
			sourceTree = "<group>";
		};
		E8CB22B725FAC7F50085AABB /* ThemeOptions */ = {
			isa = PBXGroup;
			children = (
				E8CB22B825FAC8040085AABB /* ClassicTheme.swift */,
				E8CB22C025FACD770085AABB /* DayTheme.swift */,
				E8CB22C525FACDED0085AABB /* NightTheme.swift */,
			);
			path = ThemeOptions;
			sourceTree = "<group>";
		};
		E8E030CD25DECC5B0028B4DD = {
			isa = PBXGroup;
			children = (
				E8E030D825DECC5B0028B4DD /* ChatApp */,
				E8E030F225DECC5E0028B4DD /* ChatAppTests */,
				E8E030FD25DECC5E0028B4DD /* ChatAppUITests */,
				E8E030D725DECC5B0028B4DD /* Products */,
				32B2963C58DF0789AA615808 /* Pods */,
				ED6AD1ACE15904DEF44777AB /* Frameworks */,
			);
			sourceTree = "<group>";
		};
		E8E030D725DECC5B0028B4DD /* Products */ = {
			isa = PBXGroup;
			children = (
				E8E030D625DECC5B0028B4DD /* ChatApp.app */,
				E8E030EF25DECC5E0028B4DD /* ChatAppTests.xctest */,
				E8E030FA25DECC5E0028B4DD /* ChatAppUITests.xctest */,
			);
			name = Products;
			sourceTree = "<group>";
		};
		E8E030D825DECC5B0028B4DD /* ChatApp */ = {
			isa = PBXGroup;
			children = (
				E8F7DD5A2627897F00D48446 /* Presentation Layer */,
				E8F7DD5B2627899B00D48446 /* Service Layer */,
				E8F7DD5C262789C900D48446 /* Core Layer */,
				E8F7DD7226278CCF00D48446 /* Supporting Files */,
			);
			path = ChatApp;
			sourceTree = "<group>";
		};
		E8E030F225DECC5E0028B4DD /* ChatAppTests */ = {
			isa = PBXGroup;
			children = (
				E84B3D402644F78400196D6D /* JSON */,
				E82990032644B6A600D0C7E3 /* Mocks */,
				E8E030F525DECC5E0028B4DD /* Info.plist */,
				E808358826432ECB00EF7F9B /* ChatAppTests.swift */,
				E85072F82644C0E300DEB675 /* UserDataManagerTests.swift */,
				E84B3D442644F8D800196D6D /* NetworkTests.swift */,
			);
			path = ChatAppTests;
			sourceTree = "<group>";
		};
		E8E030FD25DECC5E0028B4DD /* ChatAppUITests */ = {
			isa = PBXGroup;
			children = (
				E8E0310025DECC5E0028B4DD /* Info.plist */,
				E808358626432EBB00EF7F9B /* ProfileUITests.swift */,
			);
			path = ChatAppUITests;
			sourceTree = "<group>";
		};
		E8E0311525DECECD0028B4DD /* Resources */ = {
			isa = PBXGroup;
			children = (
				E8769095260D3F6C006B13C0 /* GoogleService-Info.plist */,
				E8E030E525DECC5D0028B4DD /* Assets.xcassets */,
				E8E030E725DECC5D0028B4DD /* LaunchScreen.storyboard */,
				E8E030EA25DECC5D0028B4DD /* Info.plist */,
				E84D8DE025F1358900345A2C /* Localizable.strings */,
			);
			path = Resources;
			sourceTree = "<group>";
		};
		E8E0311625DECEE80028B4DD /* CoreData */ = {
			isa = PBXGroup;
			children = (
				E8F7DDAA2628D43700D48446 /* Entities */,
				E8AFB9E726178923007AB74D /* CoreDataManager.swift */,
				E8E030E225DECC5B0028B4DD /* ChatApp.xcdatamodeld */,
			);
			path = CoreData;
			sourceTree = "<group>";
		};
		E8E0312425DEDD1D0028B4DD /* Extensions */ = {
			isa = PBXGroup;
			children = (
				E8E0312525DEDD4A0028B4DD /* UIApplicationState+Ext.swift */,
				E830325425E1E82600D772B9 /* UIColor+Ext.swift */,
				E830326B25E2961900D772B9 /* UIAlertViewController+Ext.swift */,
				E84D8DC025F134D500345A2C /* String+Ext.swift */,
				E84D8DF725F1501900345A2C /* Date+Ext.swift */,
				E8CB228525F925730085AABB /* UIWindow+Ext.swift */,
				E8769085260D3D7E006B13C0 /* UIImage+Ext.swift */,
				E8E0E18826337BDA0078729A /* UINavigationController+Ext.swift */,
			);
			path = Extensions;
			sourceTree = "<group>";
		};
		E8E0312D25DF09820028B4DD /* Constants */ = {
			isa = PBXGroup;
			children = (
				E8E0312E25DF09940028B4DD /* Constants.swift */,
				E83032A525E514EE00D772B9 /* Colors.swift */,
				E83032AB25E539FB00D772B9 /* LocalizationKey.swift */,
				E84D8DEA25F1422600345A2C /* Images.swift */,
			);
			path = Constants;
			sourceTree = "<group>";
		};
		E8E0E10A26323BCA0078729A /* PixabayImagePicker */ = {
			isa = PBXGroup;
			children = (
				E8E0E11A26323D6B0078729A /* Model */,
				E8E0E11926323D660078729A /* View */,
				E8E0E11826323D5B0078729A /* Controller */,
			);
			path = PixabayImagePicker;
			sourceTree = "<group>";
		};
		E8E0E11826323D5B0078729A /* Controller */ = {
			isa = PBXGroup;
			children = (
				E8E0E10B26323C1F0078729A /* PixabayImagePickerViewController.swift */,
				E8E0E123263245170078729A /* PixabayImagePickerCollectionViewDataSource.swift */,
				E8E0E14A263257D70078729A /* PixabayImagePickerCollectionViewDelegate.swift */,
			);
			path = Controller;
			sourceTree = "<group>";
		};
		E8E0E11926323D660078729A /* View */ = {
			isa = PBXGroup;
			children = (
				E8E0E11326323CCE0078729A /* PixabayImagePickerCollectionViewCell.swift */,
			);
			path = View;
			sourceTree = "<group>";
		};
		E8E0E11A26323D6B0078729A /* Model */ = {
			isa = PBXGroup;
			children = (
				E8E0E11E263241F60078729A /* PixabayImageCellModel.swift */,
			);
			path = Model;
			sourceTree = "<group>";
		};
		E8E0E17F2633662D0078729A /* Components */ = {
			isa = PBXGroup;
			children = (
				E8E0E180263366430078729A /* CloseButton.swift */,
			);
			path = Components;
			sourceTree = "<group>";
		};
		E8F7DD5A2627897F00D48446 /* Presentation Layer */ = {
			isa = PBXGroup;
			children = (
				E8F7DD5D262789DB00D48446 /* Assembly */,
				E8F7DD5E262789E200D48446 /* Modules */,
			);
			path = "Presentation Layer";
			sourceTree = "<group>";
		};
		E8F7DD5B2627899B00D48446 /* Service Layer */ = {
			isa = PBXGroup;
			children = (
				E8F7DD852627942700D48446 /* Assembly */,
				E8F7DD862627942E00D48446 /* Services */,
				E8F7DE0A2629236000D48446 /* Managers */,
			);
			path = "Service Layer";
			sourceTree = "<group>";
		};
		E8F7DD5C262789C900D48446 /* Core Layer */ = {
			isa = PBXGroup;
			children = (
				E8F7DD8A2627971000D48446 /* Assembly */,
				E84D428726322A2C0034FA25 /* Network */,
				E8F7DDAB2628D4DC00D48446 /* Managers */,
				E8E0311625DECEE80028B4DD /* CoreData */,
			);
			path = "Core Layer";
			sourceTree = "<group>";
		};
		E8F7DD5D262789DB00D48446 /* Assembly */ = {
			isa = PBXGroup;
			children = (
				E8F7DDD92628F99400D48446 /* PresentationAssembly.swift */,
			);
			path = Assembly;
			sourceTree = "<group>";
		};
		E8F7DD5E262789E200D48446 /* Modules */ = {
			isa = PBXGroup;
			children = (
				E898768B263B50B90070CE93 /* Animation */,
				E8CB22CA25FAE1A50085AABB /* RootNavigationViewController.swift */,
				E83032A025E5131D00D772B9 /* CameraAlertController.swift */,
				E8F7DDF4262916F800D48446 /* FRCDelegate.swift */,
				E8F7DD6B26278AB300D48446 /* Themes */,
				E8F7DD6726278A5800D48446 /* Profile */,
				E8F7DD6326278A3400D48446 /* Conversation */,
				E8F7DD6226278A1E00D48446 /* ConversationList */,
				E8E0E10A26323BCA0078729A /* PixabayImagePicker */,
			);
			path = Modules;
			sourceTree = "<group>";
		};
		E8F7DD5F26278A0600D48446 /* Controller */ = {
			isa = PBXGroup;
			children = (
				E84D8D6025EA422500345A2C /* ConversationListViewController.swift */,
				E8F7DDFC262919E800D48446 /* ConversationListTableViewDataSourceDelegate.swift */,
			);
			path = Controller;
			sourceTree = "<group>";
		};
		E8F7DD6026278A1200D48446 /* View */ = {
			isa = PBXGroup;
			children = (
				E84D8D8225EC51AF00345A2C /* ConversationTableViewCell.swift */,
			);
			path = View;
			sourceTree = "<group>";
		};
		E8F7DD6126278A1700D48446 /* Model */ = {
			isa = PBXGroup;
			children = (
				E876909A260D400E006B13C0 /* Channel.swift */,
				E84D8DF225F145DC00345A2C /* ConversationListSectionModel.swift */,
				E84D8D6A25EA4D0C00345A2C /* ConversationCellModel.swift */,
			);
			path = Model;
			sourceTree = "<group>";
		};
		E8F7DD6226278A1E00D48446 /* ConversationList */ = {
			isa = PBXGroup;
			children = (
				E8F7DD6126278A1700D48446 /* Model */,
				E8F7DD6026278A1200D48446 /* View */,
				E8F7DD5F26278A0600D48446 /* Controller */,
			);
			path = ConversationList;
			sourceTree = "<group>";
		};
		E8F7DD6326278A3400D48446 /* Conversation */ = {
			isa = PBXGroup;
			children = (
				E8F7DD6626278A4700D48446 /* Model */,
				E8F7DD6526278A4100D48446 /* View */,
				E8F7DD6426278A3C00D48446 /* Controller */,
			);
			path = Conversation;
			sourceTree = "<group>";
		};
		E8F7DD6426278A3C00D48446 /* Controller */ = {
			isa = PBXGroup;
			children = (
				E84D8D9025ED916A00345A2C /* ConversationViewController.swift */,
				E8F7DE0126291F6600D48446 /* ConversationTableViewDataSource.swift */,
			);
			path = Controller;
			sourceTree = "<group>";
		};
		E8F7DD6526278A4100D48446 /* View */ = {
			isa = PBXGroup;
			children = (
				E84D8DAD25EEDB7A00345A2C /* MessageTableViewCell.swift */,
				E84D8D9D25EDA14600345A2C /* MessageBubbleView.swift */,
			);
			path = View;
			sourceTree = "<group>";
		};
		E8F7DD6626278A4700D48446 /* Model */ = {
			isa = PBXGroup;
			children = (
				E87690A4260D43E9006B13C0 /* Message.swift */,
				E84D8DB225EEE5A700345A2C /* MessageCellModel.swift */,
			);
			path = Model;
			sourceTree = "<group>";
		};
		E8F7DD6726278A5800D48446 /* Profile */ = {
			isa = PBXGroup;
			children = (
				E8F7DD6A26278A6900D48446 /* Model */,
				E8F7DD6926278A6300D48446 /* View */,
				E8F7DD6826278A5F00D48446 /* Controller */,
			);
			path = Profile;
			sourceTree = "<group>";
		};
		E8F7DD6826278A5F00D48446 /* Controller */ = {
			isa = PBXGroup;
			children = (
				E830324525E1D7D800D772B9 /* ProfileViewController.swift */,
			);
			path = Controller;
			sourceTree = "<group>";
		};
		E8F7DD6926278A6300D48446 /* View */ = {
			isa = PBXGroup;
			children = (
				E830325925E28BD100D772B9 /* ProfilePhotoView.swift */,
				E830324C25E1D9C500D772B9 /* ActionButton.swift */,
				E8E0E19326345A780078729A /* ProfileFramePhotoView.swift */,
			);
			path = View;
			sourceTree = "<group>";
		};
		E8F7DD6A26278A6900D48446 /* Model */ = {
			isa = PBXGroup;
			children = (
				E89A64AD2603F1D500A5734B /* UserViewModel.swift */,
				E84D8DFC25F1890600345A2C /* User.swift */,
			);
			path = Model;
			sourceTree = "<group>";
		};
		E8F7DD6B26278AB300D48446 /* Themes */ = {
			isa = PBXGroup;
			children = (
				E8F7DD6E26278ACD00D48446 /* Model */,
				E8F7DD6D26278AC700D48446 /* View */,
				E8F7DD6C26278AC200D48446 /* Controller */,
			);
			path = Themes;
			sourceTree = "<group>";
		};
		E8F7DD6C26278AC200D48446 /* Controller */ = {
			isa = PBXGroup;
			children = (
				E80BFB3825F7D83D0070B8EF /* ThemesViewController.swift */,
			);
			path = Controller;
			sourceTree = "<group>";
		};
		E8F7DD6D26278AC700D48446 /* View */ = {
			isa = PBXGroup;
			children = (
				E80BFB3D25F7D9450070B8EF /* ThemeView.swift */,
				E87690AC260D542E006B13C0 /* SendMessageView.swift */,
			);
			path = View;
			sourceTree = "<group>";
		};
		E8F7DD6E26278ACD00D48446 /* Model */ = {
			isa = PBXGroup;
			children = (
				E8CB22B725FAC7F50085AABB /* ThemeOptions */,
				E8CB22A725FAC44F0085AABB /* Themes.swift */,
				E8CB22AF25FAC4CC0085AABB /* AppTheme.swift */,
			);
			path = Model;
			sourceTree = "<group>";
		};
		E8F7DD7226278CCF00D48446 /* Supporting Files */ = {
			isa = PBXGroup;
			children = (
				E8E0E17F2633662D0078729A /* Components */,
				E8F7DDDE2628FD0700D48446 /* RootAssembly.swift */,
				E8E030D925DECC5B0028B4DD /* AppDelegate.swift */,
				E8E0311525DECECD0028B4DD /* Resources */,
				E8E0312D25DF09820028B4DD /* Constants */,
				E8E0312425DEDD1D0028B4DD /* Extensions */,
				E8E0311925DECF950028B4DD /* Logger.swift */,
				E830326125E2939300D772B9 /* HapticFeedback.swift */,
				E89A64C1260406C500A5734B /* TextViewDelegate.swift */,
				E8F7DD7326278D1000D48446 /* Protocols */,
				E8E0E14F2632585B0078729A /* AlertService.swift */,
			);
			path = "Supporting Files";
			sourceTree = "<group>";
		};
		E8F7DD7326278D1000D48446 /* Protocols */ = {
			isa = PBXGroup;
			children = (
				E8F7DD7426278D2300D48446 /* ConfigurableView.swift */,
			);
			path = Protocols;
			sourceTree = "<group>";
		};
		E8F7DD852627942700D48446 /* Assembly */ = {
			isa = PBXGroup;
			children = (
				E8F7DDCB2628E53500D48446 /* ServicesAssembly.swift */,
			);
			path = Assembly;
			sourceTree = "<group>";
		};
		E8F7DD862627942E00D48446 /* Services */ = {
			isa = PBXGroup;
			children = (
				E8F7DDBB2628D76F00D48446 /* MessagesService.swift */,
				E8F7DDC32628D77A00D48446 /* ChannelsService.swift */,
				E8E0E0FF2632382F0078729A /* PixabayService.swift */,
			);
			path = Services;
			sourceTree = "<group>";
		};
		E8F7DD8A2627971000D48446 /* Assembly */ = {
			isa = PBXGroup;
			children = (
				E8F7DDAF2628D5C200D48446 /* CoreAssembly.swift */,
			);
			path = Assembly;
			sourceTree = "<group>";
		};
		E8F7DDAA2628D43700D48446 /* Entities */ = {
			isa = PBXGroup;
			children = (
				E8F7DDE92629053E00D48446 /* DBMessage+CoreDataClass.swift */,
				E8F7DDE82629053E00D48446 /* DBMessage+CoreDataProperties.swift */,
				E8F7DDE72629053E00D48446 /* DBChannel+CoreDataClass.swift */,
				E8F7DDE62629053E00D48446 /* DBChannel+CoreDataProperties.swift */,
				E8AFBA2F26179D79007AB74D /* InitEntity */,
			);
			path = Entities;
			sourceTree = "<group>";
		};
		E8F7DDAB2628D4DC00D48446 /* Managers */ = {
			isa = PBXGroup;
			children = (
				E84D429C26322CD50034FA25 /* NetworkManager.swift */,
				E818D5DC2600BC7E001AB36E /* FileManagement.swift */,
				E89A64B22603F27E00A5734B /* GCDProfileDataManager.swift */,
				E89A64B72603F38D00A5734B /* OperationProfileDataManager.swift */,
				E89A64BC260404A100A5734B /* IUserStorageManager.swift */,
			);
			path = Managers;
			sourceTree = "<group>";
		};
		E8F7DE0A2629236000D48446 /* Managers */ = {
			isa = PBXGroup;
			children = (
				E87690BD260D5E9E006B13C0 /* UserDataManager.swift */,
				E84537DF263B9D5E00566E29 /* CameraAccessManager.swift */,
			);
			path = Managers;
			sourceTree = "<group>";
		};
		ED6AD1ACE15904DEF44777AB /* Frameworks */ = {
			isa = PBXGroup;
			children = (
				8EBC7FE655500586B73D0526 /* Pods_ChatApp.framework */,
				698C000A82475AAB6CD59F59 /* Pods_ChatAppTests.framework */,
				11A6FF32C9A34BAD958F059B /* Pods_ChatAppUITests.framework */,
			);
			name = Frameworks;
			sourceTree = "<group>";
		};
/* End PBXGroup section */

/* Begin PBXNativeTarget section */
		E8E030D525DECC5B0028B4DD /* ChatApp */ = {
			isa = PBXNativeTarget;
			buildConfigurationList = E8E0310325DECC5E0028B4DD /* Build configuration list for PBXNativeTarget "ChatApp" */;
			buildPhases = (
				EE160F469E2B9FB230FA8A5B /* [CP] Check Pods Manifest.lock */,
				E8E030D225DECC5B0028B4DD /* Sources */,
				E8E030D325DECC5B0028B4DD /* Frameworks */,
				E8E030D425DECC5B0028B4DD /* Resources */,
				E8768FE8260D2EBC006B13C0 /* Run Script */,
				E20B41142239C4BA9993BD67 /* [CP] Embed Pods Frameworks */,
			);
			buildRules = (
			);
			dependencies = (
			);
			name = ChatApp;
			productName = ChatApp;
			productReference = E8E030D625DECC5B0028B4DD /* ChatApp.app */;
			productType = "com.apple.product-type.application";
		};
		E8E030EE25DECC5E0028B4DD /* ChatAppTests */ = {
			isa = PBXNativeTarget;
			buildConfigurationList = E8E0310625DECC5E0028B4DD /* Build configuration list for PBXNativeTarget "ChatAppTests" */;
			buildPhases = (
				73C9DFC510C692DBA56E7816 /* [CP] Check Pods Manifest.lock */,
				E8E030EB25DECC5E0028B4DD /* Sources */,
				E8E030EC25DECC5E0028B4DD /* Frameworks */,
				E8E030ED25DECC5E0028B4DD /* Resources */,
			);
			buildRules = (
			);
			dependencies = (
				E8E030F125DECC5E0028B4DD /* PBXTargetDependency */,
			);
			name = ChatAppTests;
			productName = ChatAppTests;
			productReference = E8E030EF25DECC5E0028B4DD /* ChatAppTests.xctest */;
			productType = "com.apple.product-type.bundle.unit-test";
		};
		E8E030F925DECC5E0028B4DD /* ChatAppUITests */ = {
			isa = PBXNativeTarget;
			buildConfigurationList = E8E0310925DECC5E0028B4DD /* Build configuration list for PBXNativeTarget "ChatAppUITests" */;
			buildPhases = (
				53F9D56E468F766FAD973D90 /* [CP] Check Pods Manifest.lock */,
				E8E030F625DECC5E0028B4DD /* Sources */,
				E8E030F725DECC5E0028B4DD /* Frameworks */,
				E8E030F825DECC5E0028B4DD /* Resources */,
			);
			buildRules = (
			);
			dependencies = (
				E8E030FC25DECC5E0028B4DD /* PBXTargetDependency */,
			);
			name = ChatAppUITests;
			productName = ChatAppUITests;
			productReference = E8E030FA25DECC5E0028B4DD /* ChatAppUITests.xctest */;
			productType = "com.apple.product-type.bundle.ui-testing";
		};
/* End PBXNativeTarget section */

/* Begin PBXProject section */
		E8E030CE25DECC5B0028B4DD /* Project object */ = {
			isa = PBXProject;
			attributes = {
				LastSwiftUpdateCheck = 1240;
				LastUpgradeCheck = 1240;
				TargetAttributes = {
					E8E030D525DECC5B0028B4DD = {
						CreatedOnToolsVersion = 12.4;
					};
					E8E030EE25DECC5E0028B4DD = {
						CreatedOnToolsVersion = 12.4;
						LastSwiftMigration = 1250;
						TestTargetID = E8E030D525DECC5B0028B4DD;
					};
					E8E030F925DECC5E0028B4DD = {
						CreatedOnToolsVersion = 12.4;
						LastSwiftMigration = 1250;
						TestTargetID = E8E030D525DECC5B0028B4DD;
					};
				};
			};
			buildConfigurationList = E8E030D125DECC5B0028B4DD /* Build configuration list for PBXProject "ChatApp" */;
			compatibilityVersion = "Xcode 9.3";
			developmentRegion = en;
			hasScannedForEncodings = 0;
			knownRegions = (
				en,
				Base,
				ru,
			);
			mainGroup = E8E030CD25DECC5B0028B4DD;
			productRefGroup = E8E030D725DECC5B0028B4DD /* Products */;
			projectDirPath = "";
			projectRoot = "";
			targets = (
				E8E030D525DECC5B0028B4DD /* ChatApp */,
				E8E030EE25DECC5E0028B4DD /* ChatAppTests */,
				E8E030F925DECC5E0028B4DD /* ChatAppUITests */,
			);
		};
/* End PBXProject section */

/* Begin PBXResourcesBuildPhase section */
		E8E030D425DECC5B0028B4DD /* Resources */ = {
			isa = PBXResourcesBuildPhase;
			buildActionMask = 2147483647;
			files = (
				E8E030E925DECC5D0028B4DD /* LaunchScreen.storyboard in Resources */,
				E8769096260D3F6C006B13C0 /* GoogleService-Info.plist in Resources */,
				E84D8DDE25F1358900345A2C /* Localizable.strings in Resources */,
				E8E030E625DECC5D0028B4DD /* Assets.xcassets in Resources */,
			);
			runOnlyForDeploymentPostprocessing = 0;
		};
		E8E030ED25DECC5E0028B4DD /* Resources */ = {
			isa = PBXResourcesBuildPhase;
			buildActionMask = 2147483647;
			files = (
			);
			runOnlyForDeploymentPostprocessing = 0;
		};
		E8E030F825DECC5E0028B4DD /* Resources */ = {
			isa = PBXResourcesBuildPhase;
			buildActionMask = 2147483647;
			files = (
			);
			runOnlyForDeploymentPostprocessing = 0;
		};
/* End PBXResourcesBuildPhase section */

/* Begin PBXShellScriptBuildPhase section */
		53F9D56E468F766FAD973D90 /* [CP] Check Pods Manifest.lock */ = {
			isa = PBXShellScriptBuildPhase;
			buildActionMask = 2147483647;
			files = (
			);
			inputFileListPaths = (
			);
			inputPaths = (
				"${PODS_PODFILE_DIR_PATH}/Podfile.lock",
				"${PODS_ROOT}/Manifest.lock",
			);
			name = "[CP] Check Pods Manifest.lock";
			outputFileListPaths = (
			);
			outputPaths = (
				"$(DERIVED_FILE_DIR)/Pods-ChatAppUITests-checkManifestLockResult.txt",
			);
			runOnlyForDeploymentPostprocessing = 0;
			shellPath = /bin/sh;
			shellScript = "diff \"${PODS_PODFILE_DIR_PATH}/Podfile.lock\" \"${PODS_ROOT}/Manifest.lock\" > /dev/null\nif [ $? != 0 ] ; then\n    # print error to STDERR\n    echo \"error: The sandbox is not in sync with the Podfile.lock. Run 'pod install' or update your CocoaPods installation.\" >&2\n    exit 1\nfi\n# This output is used by Xcode 'outputs' to avoid re-running this script phase.\necho \"SUCCESS\" > \"${SCRIPT_OUTPUT_FILE_0}\"\n";
			showEnvVarsInLog = 0;
		};
		73C9DFC510C692DBA56E7816 /* [CP] Check Pods Manifest.lock */ = {
			isa = PBXShellScriptBuildPhase;
			buildActionMask = 2147483647;
			files = (
			);
			inputFileListPaths = (
			);
			inputPaths = (
				"${PODS_PODFILE_DIR_PATH}/Podfile.lock",
				"${PODS_ROOT}/Manifest.lock",
			);
			name = "[CP] Check Pods Manifest.lock";
			outputFileListPaths = (
			);
			outputPaths = (
				"$(DERIVED_FILE_DIR)/Pods-ChatAppTests-checkManifestLockResult.txt",
			);
			runOnlyForDeploymentPostprocessing = 0;
			shellPath = /bin/sh;
			shellScript = "diff \"${PODS_PODFILE_DIR_PATH}/Podfile.lock\" \"${PODS_ROOT}/Manifest.lock\" > /dev/null\nif [ $? != 0 ] ; then\n    # print error to STDERR\n    echo \"error: The sandbox is not in sync with the Podfile.lock. Run 'pod install' or update your CocoaPods installation.\" >&2\n    exit 1\nfi\n# This output is used by Xcode 'outputs' to avoid re-running this script phase.\necho \"SUCCESS\" > \"${SCRIPT_OUTPUT_FILE_0}\"\n";
			showEnvVarsInLog = 0;
		};
		E20B41142239C4BA9993BD67 /* [CP] Embed Pods Frameworks */ = {
			isa = PBXShellScriptBuildPhase;
			buildActionMask = 2147483647;
			files = (
			);
			inputFileListPaths = (
				"${PODS_ROOT}/Target Support Files/Pods-ChatApp/Pods-ChatApp-frameworks-${CONFIGURATION}-input-files.xcfilelist",
			);
			name = "[CP] Embed Pods Frameworks";
			outputFileListPaths = (
				"${PODS_ROOT}/Target Support Files/Pods-ChatApp/Pods-ChatApp-frameworks-${CONFIGURATION}-output-files.xcfilelist",
			);
			runOnlyForDeploymentPostprocessing = 0;
			shellPath = /bin/sh;
			shellScript = "\"${PODS_ROOT}/Target Support Files/Pods-ChatApp/Pods-ChatApp-frameworks.sh\"\n";
			showEnvVarsInLog = 0;
		};
		E8768FE8260D2EBC006B13C0 /* Run Script */ = {
			isa = PBXShellScriptBuildPhase;
			buildActionMask = 2147483647;
			files = (
			);
			inputFileListPaths = (
			);
			inputPaths = (
			);
			name = "Run Script";
			outputFileListPaths = (
			);
			outputPaths = (
			);
			runOnlyForDeploymentPostprocessing = 0;
			shellPath = /bin/sh;
			shellScript = "\"${PODS_ROOT}/SwiftLint/swiftlint\"\n";
		};
		EE160F469E2B9FB230FA8A5B /* [CP] Check Pods Manifest.lock */ = {
			isa = PBXShellScriptBuildPhase;
			buildActionMask = 2147483647;
			files = (
			);
			inputFileListPaths = (
			);
			inputPaths = (
				"${PODS_PODFILE_DIR_PATH}/Podfile.lock",
				"${PODS_ROOT}/Manifest.lock",
			);
			name = "[CP] Check Pods Manifest.lock";
			outputFileListPaths = (
			);
			outputPaths = (
				"$(DERIVED_FILE_DIR)/Pods-ChatApp-checkManifestLockResult.txt",
			);
			runOnlyForDeploymentPostprocessing = 0;
			shellPath = /bin/sh;
			shellScript = "diff \"${PODS_PODFILE_DIR_PATH}/Podfile.lock\" \"${PODS_ROOT}/Manifest.lock\" > /dev/null\nif [ $? != 0 ] ; then\n    # print error to STDERR\n    echo \"error: The sandbox is not in sync with the Podfile.lock. Run 'pod install' or update your CocoaPods installation.\" >&2\n    exit 1\nfi\n# This output is used by Xcode 'outputs' to avoid re-running this script phase.\necho \"SUCCESS\" > \"${SCRIPT_OUTPUT_FILE_0}\"\n";
			showEnvVarsInLog = 0;
		};
/* End PBXShellScriptBuildPhase section */

/* Begin PBXSourcesBuildPhase section */
		E8E030D225DECC5B0028B4DD /* Sources */ = {
			isa = PBXSourcesBuildPhase;
			buildActionMask = 2147483647;
			files = (
				E8AFBA812617A431007AB74D /* DBMessage+Init.swift in Sources */,
				E8AFBA822617A431007AB74D /* DBChannel+Init.swift in Sources */,
				E8E0E19426345A780078729A /* ProfileFramePhotoView.swift in Sources */,
				E8F7DDEA2629053F00D48446 /* DBChannel+CoreDataProperties.swift in Sources */,
				E84D8D6B25EA4D0C00345A2C /* ConversationCellModel.swift in Sources */,
				E84D8D9E25EDA14600345A2C /* MessageBubbleView.swift in Sources */,
				E84D8DB325EEE5A700345A2C /* MessageCellModel.swift in Sources */,
				E8E0E10C26323C1F0078729A /* PixabayImagePickerViewController.swift in Sources */,
				E89A64B32603F27E00A5734B /* GCDProfileDataManager.swift in Sources */,
				E830325A25E28BD100D772B9 /* ProfilePhotoView.swift in Sources */,
				E8F7DE0226291F6600D48446 /* ConversationTableViewDataSource.swift in Sources */,
				E84D8D6125EA422500345A2C /* ConversationListViewController.swift in Sources */,
				E8E0E18926337BDA0078729A /* UINavigationController+Ext.swift in Sources */,
				E84D8DAE25EEDB7A00345A2C /* MessageTableViewCell.swift in Sources */,
				E8CB22CB25FAE1A50085AABB /* RootNavigationViewController.swift in Sources */,
				E8CB22B925FAC8040085AABB /* ClassicTheme.swift in Sources */,
				E87690AD260D542E006B13C0 /* SendMessageView.swift in Sources */,
				E8E0E11F263241F60078729A /* PixabayImageCellModel.swift in Sources */,
				E8F7DDF5262916F800D48446 /* FRCDelegate.swift in Sources */,
				E83032A625E514EE00D772B9 /* Colors.swift in Sources */,
				E84D8DFD25F1890600345A2C /* User.swift in Sources */,
				E87690BE260D5E9E006B13C0 /* UserDataManager.swift in Sources */,
				E8987693263B92990070CE93 /* PresentTransitioningAnimation.swift in Sources */,
				E830326225E2939300D772B9 /* HapticFeedback.swift in Sources */,
				E8F7DDC42628D77A00D48446 /* ChannelsService.swift in Sources */,
				E8CB22C625FACDED0085AABB /* NightTheme.swift in Sources */,
				E898768F263B70820070CE93 /* LogoEmitAnimation.swift in Sources */,
				E8E0E124263245170078729A /* PixabayImagePickerCollectionViewDataSource.swift in Sources */,
				E8E0E1002632382F0078729A /* PixabayService.swift in Sources */,
				E8AFB9E826178924007AB74D /* CoreDataManager.swift in Sources */,
				E84D8DF325F145DC00345A2C /* ConversationListSectionModel.swift in Sources */,
				E83032AC25E539FB00D772B9 /* LocalizationKey.swift in Sources */,
				E876909B260D400E006B13C0 /* Channel.swift in Sources */,
				E8E0E14B263257D70078729A /* PixabayImagePickerCollectionViewDelegate.swift in Sources */,
				E84D42AB26322F360034FA25 /* DataParser.swift in Sources */,
				E8F7DDBC2628D76F00D48446 /* MessagesService.swift in Sources */,
				E8F7DDDF2628FD0700D48446 /* RootAssembly.swift in Sources */,
				E89A64B82603F38D00A5734B /* OperationProfileDataManager.swift in Sources */,
				E80BFB3925F7D83D0070B8EF /* ThemesViewController.swift in Sources */,
				E8F7DDB02628D5C200D48446 /* CoreAssembly.swift in Sources */,
				E8CB22B025FAC4CC0085AABB /* AppTheme.swift in Sources */,
				E8E030E425DECC5B0028B4DD /* ChatApp.xcdatamodeld in Sources */,
				E8E0312625DEDD4A0028B4DD /* UIApplicationState+Ext.swift in Sources */,
				E8F7DD7526278D2300D48446 /* ConfigurableView.swift in Sources */,
				E8769086260D3D7E006B13C0 /* UIImage+Ext.swift in Sources */,
				E84D428B26322B1B0034FA25 /* Parser.swift in Sources */,
				E84D429326322B7F0034FA25 /* IRequest.swift in Sources */,
				E8E030DA25DECC5B0028B4DD /* AppDelegate.swift in Sources */,
				E818D5DD2600BC7E001AB36E /* FileManagement.swift in Sources */,
				E8CB22A825FAC44F0085AABB /* Themes.swift in Sources */,
				E84D42A326322DB20034FA25 /* RequestError.swift in Sources */,
				E84D8D8325EC51AF00345A2C /* ConversationTableViewCell.swift in Sources */,
				E8E0E0FB263235A60078729A /* PixabayImageRequest.swift in Sources */,
				E830324625E1D7D800D772B9 /* ProfileViewController.swift in Sources */,
				E8CB22C125FACD770085AABB /* DayTheme.swift in Sources */,
				E84D429D26322CD50034FA25 /* NetworkManager.swift in Sources */,
				E8F7DDED2629053F00D48446 /* DBMessage+CoreDataClass.swift in Sources */,
				E8E0E1502632585B0078729A /* AlertService.swift in Sources */,
				E8F7DDDA2628F99400D48446 /* PresentationAssembly.swift in Sources */,
				E8E0311A25DECF950028B4DD /* Logger.swift in Sources */,
				E8E0E181263366430078729A /* CloseButton.swift in Sources */,
				E84D8DEB25F1422600345A2C /* Images.swift in Sources */,
				E84D8DF825F1501900345A2C /* Date+Ext.swift in Sources */,
				E8F7DDCC2628E53500D48446 /* ServicesAssembly.swift in Sources */,
				E84D8D9125ED916A00345A2C /* ConversationViewController.swift in Sources */,
				E8E0E0F62632351A0078729A /* PixabayImageListRequest.swift in Sources */,
				E89A64BD260404A100A5734B /* IUserStorageManager.swift in Sources */,
				E84D8DC125F134D500345A2C /* String+Ext.swift in Sources */,
				E84537E0263B9D5E00566E29 /* CameraAccessManager.swift in Sources */,
				E830326C25E2961900D772B9 /* UIAlertViewController+Ext.swift in Sources */,
				E84D429826322BC40034FA25 /* HTTPMethod.swift in Sources */,
				E89A64AE2603F1D500A5734B /* UserViewModel.swift in Sources */,
				E83032A125E5131D00D772B9 /* CameraAlertController.swift in Sources */,
				E8987695263B94DF0070CE93 /* TransitionDelegate.swift in Sources */,
				E8CB228625F925730085AABB /* UIWindow+Ext.swift in Sources */,
				E84D42B126322FF70034FA25 /* PixabayResponse.swift in Sources */,
				E830325525E1E82600D772B9 /* UIColor+Ext.swift in Sources */,
				E8E0E11426323CCE0078729A /* PixabayImagePickerCollectionViewCell.swift in Sources */,
				E89A64C2260406C500A5734B /* TextViewDelegate.swift in Sources */,
				E8E0312F25DF09940028B4DD /* Constants.swift in Sources */,
				E8F7DDEC2629053F00D48446 /* DBMessage+CoreDataProperties.swift in Sources */,
				E87690A5260D43E9006B13C0 /* Message.swift in Sources */,
				E8987691263B71490070CE93 /* AnimatedUIWindow.swift in Sources */,
				E80BFB3E25F7D9450070B8EF /* ThemeView.swift in Sources */,
				E8F7DDFD262919E800D48446 /* ConversationListTableViewDataSourceDelegate.swift in Sources */,
				E830324D25E1D9C500D772B9 /* ActionButton.swift in Sources */,
				E898768D263B51130070CE93 /* ShakeViewAnimation.swift in Sources */,
				E8F7DDEB2629053F00D48446 /* DBChannel+CoreDataClass.swift in Sources */,
			);
			runOnlyForDeploymentPostprocessing = 0;
		};
		E8E030EB25DECC5E0028B4DD /* Sources */ = {
			isa = PBXSourcesBuildPhase;
			buildActionMask = 2147483647;
			files = (
				E84B3D452644F8D800196D6D /* NetworkTests.swift in Sources */,
				E85072F92644C0E300DEB675 /* UserDataManagerTests.swift in Sources */,
				E808358926432ECB00EF7F9B /* ChatAppTests.swift in Sources */,
				E82990052644B6CE00D0C7E3 /* UserStorageManagerMock.swift in Sources */,
				E82990082644BC0600D0C7E3 /* UserDataManagerMock.swift in Sources */,
				E84B3D432644F82200196D6D /* ParserMock.swift in Sources */,
			);
			runOnlyForDeploymentPostprocessing = 0;
		};
		E8E030F625DECC5E0028B4DD /* Sources */ = {
			isa = PBXSourcesBuildPhase;
			buildActionMask = 2147483647;
			files = (
				E808358726432EBB00EF7F9B /* ProfileUITests.swift in Sources */,
			);
			runOnlyForDeploymentPostprocessing = 0;
		};
/* End PBXSourcesBuildPhase section */

/* Begin PBXTargetDependency section */
		E8E030F125DECC5E0028B4DD /* PBXTargetDependency */ = {
			isa = PBXTargetDependency;
			target = E8E030D525DECC5B0028B4DD /* ChatApp */;
			targetProxy = E8E030F025DECC5E0028B4DD /* PBXContainerItemProxy */;
		};
		E8E030FC25DECC5E0028B4DD /* PBXTargetDependency */ = {
			isa = PBXTargetDependency;
			target = E8E030D525DECC5B0028B4DD /* ChatApp */;
			targetProxy = E8E030FB25DECC5E0028B4DD /* PBXContainerItemProxy */;
		};
/* End PBXTargetDependency section */

/* Begin PBXVariantGroup section */
		E84D8DE025F1358900345A2C /* Localizable.strings */ = {
			isa = PBXVariantGroup;
			children = (
				E84D8DDF25F1358900345A2C /* en */,
				E84D8DE425F1358D00345A2C /* ru */,
			);
			name = Localizable.strings;
			sourceTree = "<group>";
		};
		E8E030E725DECC5D0028B4DD /* LaunchScreen.storyboard */ = {
			isa = PBXVariantGroup;
			children = (
				E8E030E825DECC5D0028B4DD /* Base */,
				E84D8DDA25F1356500345A2C /* ru */,
			);
			name = LaunchScreen.storyboard;
			sourceTree = "<group>";
		};
/* End PBXVariantGroup section */

/* Begin XCBuildConfiguration section */
		E8E0310125DECC5E0028B4DD /* Debug */ = {
			isa = XCBuildConfiguration;
			buildSettings = {
				ALWAYS_SEARCH_USER_PATHS = NO;
				CLANG_ANALYZER_LOCALIZABILITY_NONLOCALIZED = YES;
				CLANG_ANALYZER_NONNULL = YES;
				CLANG_ANALYZER_NUMBER_OBJECT_CONVERSION = YES_AGGRESSIVE;
				CLANG_CXX_LANGUAGE_STANDARD = "gnu++14";
				CLANG_CXX_LIBRARY = "libc++";
				CLANG_ENABLE_MODULES = YES;
				CLANG_ENABLE_OBJC_ARC = YES;
				CLANG_ENABLE_OBJC_WEAK = YES;
				CLANG_WARN_BLOCK_CAPTURE_AUTORELEASING = YES;
				CLANG_WARN_BOOL_CONVERSION = YES;
				CLANG_WARN_COMMA = YES;
				CLANG_WARN_CONSTANT_CONVERSION = YES;
				CLANG_WARN_DEPRECATED_OBJC_IMPLEMENTATIONS = YES;
				CLANG_WARN_DIRECT_OBJC_ISA_USAGE = YES_ERROR;
				CLANG_WARN_DOCUMENTATION_COMMENTS = YES;
				CLANG_WARN_EMPTY_BODY = YES;
				CLANG_WARN_ENUM_CONVERSION = YES;
				CLANG_WARN_INFINITE_RECURSION = YES;
				CLANG_WARN_INT_CONVERSION = YES;
				CLANG_WARN_NON_LITERAL_NULL_CONVERSION = YES;
				CLANG_WARN_OBJC_IMPLICIT_RETAIN_SELF = YES;
				CLANG_WARN_OBJC_LITERAL_CONVERSION = YES;
				CLANG_WARN_OBJC_ROOT_CLASS = YES_ERROR;
				CLANG_WARN_QUOTED_INCLUDE_IN_FRAMEWORK_HEADER = YES;
				CLANG_WARN_RANGE_LOOP_ANALYSIS = YES;
				CLANG_WARN_STRICT_PROTOTYPES = YES;
				CLANG_WARN_SUSPICIOUS_MOVE = YES;
				CLANG_WARN_UNGUARDED_AVAILABILITY = YES_AGGRESSIVE;
				CLANG_WARN_UNREACHABLE_CODE = YES;
				CLANG_WARN__DUPLICATE_METHOD_MATCH = YES;
				COPY_PHASE_STRIP = NO;
				DEBUG_INFORMATION_FORMAT = dwarf;
				ENABLE_STRICT_OBJC_MSGSEND = YES;
				ENABLE_TESTABILITY = YES;
				GCC_C_LANGUAGE_STANDARD = gnu11;
				GCC_DYNAMIC_NO_PIC = NO;
				GCC_NO_COMMON_BLOCKS = YES;
				GCC_OPTIMIZATION_LEVEL = 0;
				GCC_PREPROCESSOR_DEFINITIONS = (
					"DEBUG=1",
					"$(inherited)",
				);
				GCC_WARN_64_TO_32_BIT_CONVERSION = YES;
				GCC_WARN_ABOUT_RETURN_TYPE = YES_ERROR;
				GCC_WARN_UNDECLARED_SELECTOR = YES;
				GCC_WARN_UNINITIALIZED_AUTOS = YES_AGGRESSIVE;
				GCC_WARN_UNUSED_FUNCTION = YES;
				GCC_WARN_UNUSED_VARIABLE = YES;
				IPHONEOS_DEPLOYMENT_TARGET = 12.1;
				MTL_ENABLE_DEBUG_INFO = INCLUDE_SOURCE;
				MTL_FAST_MATH = YES;
				ONLY_ACTIVE_ARCH = YES;
				SDKROOT = iphoneos;
				SWIFT_ACTIVE_COMPILATION_CONDITIONS = DEBUG;
				SWIFT_OPTIMIZATION_LEVEL = "-Onone";
			};
			name = Debug;
		};
		E8E0310225DECC5E0028B4DD /* Release */ = {
			isa = XCBuildConfiguration;
			buildSettings = {
				ALWAYS_SEARCH_USER_PATHS = NO;
				CLANG_ANALYZER_LOCALIZABILITY_NONLOCALIZED = YES;
				CLANG_ANALYZER_NONNULL = YES;
				CLANG_ANALYZER_NUMBER_OBJECT_CONVERSION = YES_AGGRESSIVE;
				CLANG_CXX_LANGUAGE_STANDARD = "gnu++14";
				CLANG_CXX_LIBRARY = "libc++";
				CLANG_ENABLE_MODULES = YES;
				CLANG_ENABLE_OBJC_ARC = YES;
				CLANG_ENABLE_OBJC_WEAK = YES;
				CLANG_WARN_BLOCK_CAPTURE_AUTORELEASING = YES;
				CLANG_WARN_BOOL_CONVERSION = YES;
				CLANG_WARN_COMMA = YES;
				CLANG_WARN_CONSTANT_CONVERSION = YES;
				CLANG_WARN_DEPRECATED_OBJC_IMPLEMENTATIONS = YES;
				CLANG_WARN_DIRECT_OBJC_ISA_USAGE = YES_ERROR;
				CLANG_WARN_DOCUMENTATION_COMMENTS = YES;
				CLANG_WARN_EMPTY_BODY = YES;
				CLANG_WARN_ENUM_CONVERSION = YES;
				CLANG_WARN_INFINITE_RECURSION = YES;
				CLANG_WARN_INT_CONVERSION = YES;
				CLANG_WARN_NON_LITERAL_NULL_CONVERSION = YES;
				CLANG_WARN_OBJC_IMPLICIT_RETAIN_SELF = YES;
				CLANG_WARN_OBJC_LITERAL_CONVERSION = YES;
				CLANG_WARN_OBJC_ROOT_CLASS = YES_ERROR;
				CLANG_WARN_QUOTED_INCLUDE_IN_FRAMEWORK_HEADER = YES;
				CLANG_WARN_RANGE_LOOP_ANALYSIS = YES;
				CLANG_WARN_STRICT_PROTOTYPES = YES;
				CLANG_WARN_SUSPICIOUS_MOVE = YES;
				CLANG_WARN_UNGUARDED_AVAILABILITY = YES_AGGRESSIVE;
				CLANG_WARN_UNREACHABLE_CODE = YES;
				CLANG_WARN__DUPLICATE_METHOD_MATCH = YES;
				COPY_PHASE_STRIP = NO;
				DEBUG_INFORMATION_FORMAT = "dwarf-with-dsym";
				ENABLE_NS_ASSERTIONS = NO;
				ENABLE_STRICT_OBJC_MSGSEND = YES;
				GCC_C_LANGUAGE_STANDARD = gnu11;
				GCC_NO_COMMON_BLOCKS = YES;
				GCC_WARN_64_TO_32_BIT_CONVERSION = YES;
				GCC_WARN_ABOUT_RETURN_TYPE = YES_ERROR;
				GCC_WARN_UNDECLARED_SELECTOR = YES;
				GCC_WARN_UNINITIALIZED_AUTOS = YES_AGGRESSIVE;
				GCC_WARN_UNUSED_FUNCTION = YES;
				GCC_WARN_UNUSED_VARIABLE = YES;
				IPHONEOS_DEPLOYMENT_TARGET = 12.1;
				MTL_ENABLE_DEBUG_INFO = NO;
				MTL_FAST_MATH = YES;
				SDKROOT = iphoneos;
				SWIFT_COMPILATION_MODE = wholemodule;
				SWIFT_OPTIMIZATION_LEVEL = "-O";
				VALIDATE_PRODUCT = YES;
			};
			name = Release;
		};
		E8E0310425DECC5E0028B4DD /* Debug */ = {
			isa = XCBuildConfiguration;
			baseConfigurationReference = 41C6FCB432CDA20DB9DF2265 /* Pods-ChatApp.debug.xcconfig */;
			buildSettings = {
				ASSETCATALOG_COMPILER_APPICON_NAME = AppIcon;
				ASSETCATALOG_COMPILER_GLOBAL_ACCENT_COLOR_NAME = AccentColor;
				CODE_SIGN_STYLE = Automatic;
				DEVELOPMENT_TEAM = AC7SNZV8BM;
				INFOPLIST_FILE = "ChatApp/Supporting Files/Resources/Info.plist";
				IPHONEOS_DEPLOYMENT_TARGET = 12.1;
				LD_RUNPATH_SEARCH_PATHS = (
					"$(inherited)",
					"@executable_path/Frameworks",
				);
				PRODUCT_BUNDLE_IDENTIFIER = ru.tinkoff.TinkoffChat1;
				PRODUCT_NAME = "$(TARGET_NAME)";
				SWIFT_VERSION = 5.0;
				TARGETED_DEVICE_FAMILY = "1,2";
			};
			name = Debug;
		};
		E8E0310525DECC5E0028B4DD /* Release */ = {
			isa = XCBuildConfiguration;
			baseConfigurationReference = AC2D960DBED5F4BF3A5DB96B /* Pods-ChatApp.release.xcconfig */;
			buildSettings = {
				ASSETCATALOG_COMPILER_APPICON_NAME = AppIcon;
				ASSETCATALOG_COMPILER_GLOBAL_ACCENT_COLOR_NAME = AccentColor;
				CODE_SIGN_STYLE = Automatic;
				DEVELOPMENT_TEAM = AC7SNZV8BM;
				INFOPLIST_FILE = "ChatApp/Supporting Files/Resources/Info.plist";
				IPHONEOS_DEPLOYMENT_TARGET = 12.1;
				LD_RUNPATH_SEARCH_PATHS = (
					"$(inherited)",
					"@executable_path/Frameworks",
				);
				PRODUCT_BUNDLE_IDENTIFIER = ru.tinkoff.TinkoffChat1;
				PRODUCT_NAME = "$(TARGET_NAME)";
				SWIFT_VERSION = 5.0;
				TARGETED_DEVICE_FAMILY = "1,2";
			};
			name = Release;
		};
		E8E0310725DECC5E0028B4DD /* Debug */ = {
			isa = XCBuildConfiguration;
			baseConfigurationReference = 75AF4B81FA2E993F08B4BC2F /* Pods-ChatAppTests.debug.xcconfig */;
			buildSettings = {
				ALWAYS_EMBED_SWIFT_STANDARD_LIBRARIES = YES;
				BUNDLE_LOADER = "$(TEST_HOST)";
				CLANG_ENABLE_MODULES = YES;
				CODE_SIGN_STYLE = Automatic;
				DEVELOPMENT_TEAM = AC7SNZV8BM;
				HEADER_SEARCH_PATHS = "${SRCROOT}/Pods/Firebase/CoreOnly/Sources";
				INFOPLIST_FILE = ChatAppTests/Info.plist;
				IPHONEOS_DEPLOYMENT_TARGET = 14.4;
				LD_RUNPATH_SEARCH_PATHS = (
					"$(inherited)",
					"@executable_path/Frameworks",
					"@loader_path/Frameworks",
				);
				OTHER_LDFLAGS = (
					"$(inherited)",
					"-l\"c++\"",
					"-l\"z\"",
					"-framework",
					"\"CoreTelephony\"",
					"-framework",
					"\"Foundation\"",
					"-framework",
					"\"Security\"",
					"-framework",
					"\"SystemConfiguration\"",
					"-framework",
					"\"UIKit\"",
				);
				PRODUCT_BUNDLE_IDENTIFIER = com.project.rkhodukin.ChatAppTests;
				PRODUCT_NAME = "$(TARGET_NAME)";
				SWIFT_OPTIMIZATION_LEVEL = "-Onone";
				SWIFT_VERSION = 5.0;
				TARGETED_DEVICE_FAMILY = "1,2";
				TEST_HOST = "$(BUILT_PRODUCTS_DIR)/ChatApp.app/ChatApp";
			};
			name = Debug;
		};
		E8E0310825DECC5E0028B4DD /* Release */ = {
			isa = XCBuildConfiguration;
			baseConfigurationReference = F932AB31BD49C5149657538A /* Pods-ChatAppTests.release.xcconfig */;
			buildSettings = {
				ALWAYS_EMBED_SWIFT_STANDARD_LIBRARIES = YES;
				BUNDLE_LOADER = "$(TEST_HOST)";
				CLANG_ENABLE_MODULES = YES;
				CODE_SIGN_STYLE = Automatic;
				DEVELOPMENT_TEAM = AC7SNZV8BM;
				HEADER_SEARCH_PATHS = "${SRCROOT}/Pods/Firebase/CoreOnly/Sources";
				INFOPLIST_FILE = ChatAppTests/Info.plist;
				IPHONEOS_DEPLOYMENT_TARGET = 14.4;
				LD_RUNPATH_SEARCH_PATHS = (
					"$(inherited)",
					"@executable_path/Frameworks",
					"@loader_path/Frameworks",
				);
				OTHER_LDFLAGS = (
					"$(inherited)",
					"-l\"c++\"",
					"-l\"z\"",
					"-framework",
					"\"CoreTelephony\"",
					"-framework",
					"\"Foundation\"",
					"-framework",
					"\"Security\"",
					"-framework",
					"\"SystemConfiguration\"",
					"-framework",
					"\"UIKit\"",
				);
				PRODUCT_BUNDLE_IDENTIFIER = com.project.rkhodukin.ChatAppTests;
				PRODUCT_NAME = "$(TARGET_NAME)";
				SWIFT_VERSION = 5.0;
				TARGETED_DEVICE_FAMILY = "1,2";
				TEST_HOST = "$(BUILT_PRODUCTS_DIR)/ChatApp.app/ChatApp";
			};
			name = Release;
		};
		E8E0310A25DECC5E0028B4DD /* Debug */ = {
			isa = XCBuildConfiguration;
			baseConfigurationReference = A51377C2243EA057950C09AD /* Pods-ChatAppUITests.debug.xcconfig */;
			buildSettings = {
				ALWAYS_EMBED_SWIFT_STANDARD_LIBRARIES = YES;
				CLANG_ENABLE_MODULES = YES;
				CODE_SIGN_STYLE = Automatic;
				DEVELOPMENT_TEAM = AC7SNZV8BM;
				HEADER_SEARCH_PATHS = "${SRCROOT}/Pods/Firebase/CoreOnly/Sources";
				INFOPLIST_FILE = ChatAppUITests/Info.plist;
				LD_RUNPATH_SEARCH_PATHS = (
					"$(inherited)",
					"@executable_path/Frameworks",
					"@loader_path/Frameworks",
				);
				OTHER_LDFLAGS = (
					"$(inherited)",
					"-l\"c++\"",
					"-l\"z\"",
					"-framework",
					"\"CoreTelephony\"",
					"-framework",
					"\"Foundation\"",
					"-framework",
					"\"Security\"",
					"-framework",
					"\"SystemConfiguration\"",
					"-framework",
					"\"UIKit\"",
				);
				PRODUCT_BUNDLE_IDENTIFIER = com.project.rkhodukin.ChatAppUITests;
				PRODUCT_NAME = "$(TARGET_NAME)";
				SWIFT_OBJC_BRIDGING_HEADER = "";
				SWIFT_OPTIMIZATION_LEVEL = "-Onone";
				SWIFT_VERSION = 5.0;
				TARGETED_DEVICE_FAMILY = "1,2";
				TEST_TARGET_NAME = ChatApp;
			};
			name = Debug;
		};
		E8E0310B25DECC5E0028B4DD /* Release */ = {
			isa = XCBuildConfiguration;
			baseConfigurationReference = 9AF327C2354AA0B79D3D3BC7 /* Pods-ChatAppUITests.release.xcconfig */;
			buildSettings = {
				ALWAYS_EMBED_SWIFT_STANDARD_LIBRARIES = YES;
				CLANG_ENABLE_MODULES = YES;
				CODE_SIGN_STYLE = Automatic;
				DEVELOPMENT_TEAM = AC7SNZV8BM;
				HEADER_SEARCH_PATHS = "${SRCROOT}/Pods/Firebase/CoreOnly/Sources";
				INFOPLIST_FILE = ChatAppUITests/Info.plist;
				LD_RUNPATH_SEARCH_PATHS = (
					"$(inherited)",
					"@executable_path/Frameworks",
					"@loader_path/Frameworks",
				);
				OTHER_LDFLAGS = (
					"$(inherited)",
					"-l\"c++\"",
					"-l\"z\"",
					"-framework",
					"\"CoreTelephony\"",
					"-framework",
					"\"Foundation\"",
					"-framework",
					"\"Security\"",
					"-framework",
					"\"SystemConfiguration\"",
					"-framework",
					"\"UIKit\"",
				);
				PRODUCT_BUNDLE_IDENTIFIER = com.project.rkhodukin.ChatAppUITests;
				PRODUCT_NAME = "$(TARGET_NAME)";
				SWIFT_OBJC_BRIDGING_HEADER = "";
				SWIFT_VERSION = 5.0;
				TARGETED_DEVICE_FAMILY = "1,2";
				TEST_TARGET_NAME = ChatApp;
			};
			name = Release;
		};
/* End XCBuildConfiguration section */

/* Begin XCConfigurationList section */
		E8E030D125DECC5B0028B4DD /* Build configuration list for PBXProject "ChatApp" */ = {
			isa = XCConfigurationList;
			buildConfigurations = (
				E8E0310125DECC5E0028B4DD /* Debug */,
				E8E0310225DECC5E0028B4DD /* Release */,
			);
			defaultConfigurationIsVisible = 0;
			defaultConfigurationName = Release;
		};
		E8E0310325DECC5E0028B4DD /* Build configuration list for PBXNativeTarget "ChatApp" */ = {
			isa = XCConfigurationList;
			buildConfigurations = (
				E8E0310425DECC5E0028B4DD /* Debug */,
				E8E0310525DECC5E0028B4DD /* Release */,
			);
			defaultConfigurationIsVisible = 0;
			defaultConfigurationName = Release;
		};
		E8E0310625DECC5E0028B4DD /* Build configuration list for PBXNativeTarget "ChatAppTests" */ = {
			isa = XCConfigurationList;
			buildConfigurations = (
				E8E0310725DECC5E0028B4DD /* Debug */,
				E8E0310825DECC5E0028B4DD /* Release */,
			);
			defaultConfigurationIsVisible = 0;
			defaultConfigurationName = Release;
		};
		E8E0310925DECC5E0028B4DD /* Build configuration list for PBXNativeTarget "ChatAppUITests" */ = {
			isa = XCConfigurationList;
			buildConfigurations = (
				E8E0310A25DECC5E0028B4DD /* Debug */,
				E8E0310B25DECC5E0028B4DD /* Release */,
			);
			defaultConfigurationIsVisible = 0;
			defaultConfigurationName = Release;
		};
/* End XCConfigurationList section */

/* Begin XCVersionGroup section */
		E8E030E225DECC5B0028B4DD /* ChatApp.xcdatamodeld */ = {
			isa = XCVersionGroup;
			children = (
				E8E030E325DECC5B0028B4DD /* ChatApp.xcdatamodel */,
			);
			currentVersion = E8E030E325DECC5B0028B4DD /* ChatApp.xcdatamodel */;
			path = ChatApp.xcdatamodeld;
			sourceTree = "<group>";
			versionGroupType = wrapper.xcdatamodel;
		};
/* End XCVersionGroup section */
	};
	rootObject = E8E030CE25DECC5B0028B4DD /* Project object */;
}
